// !$*UTF8*$!
{
	archiveVersion = 1;
	classes = {
	};
	objectVersion = 46;
	objects = {

/* Begin PBXBuildFile section */
		8E2AF9D31CDA762900AC6CEC /* main.mm in Sources */ = {isa = PBXBuildFile; fileRef = 8E2AF9D21CDA762900AC6CEC /* main.mm */; };
		8E2AF9D61CDA762900AC6CEC /* AppDelegate.mm in Sources */ = {isa = PBXBuildFile; fileRef = 8E2AF9D51CDA762900AC6CEC /* AppDelegate.mm */; };
		8E2AF9D91CDA762900AC6CEC /* SelectSceneViewController.mm in Sources */ = {isa = PBXBuildFile; fileRef = 8E2AF9D81CDA762900AC6CEC /* SelectSceneViewController.mm */; };
		8E2AF9E41CDA762900AC6CEC /* LaunchScreen.storyboard in Resources */ = {isa = PBXBuildFile; fileRef = 8E2AF9E21CDA762900AC6CEC /* LaunchScreen.storyboard */; };
		8E2AF9ED1CDAA7B500AC6CEC /* TabBarViewController.mm in Sources */ = {isa = PBXBuildFile; fileRef = 8E2AF9EC1CDAA7B500AC6CEC /* TabBarViewController.mm */; };
		8E2AFA561CDAC18400AC6CEC /* Foundation.framework in Frameworks */ = {isa = PBXBuildFile; fileRef = 8E2AFA551CDAC18400AC6CEC /* Foundation.framework */; };
		8E2AFA581CDAC18C00AC6CEC /* UIKit.framework in Frameworks */ = {isa = PBXBuildFile; fileRef = 8E2AFA571CDAC18C00AC6CEC /* UIKit.framework */; };
		8E2BFB4B1CDBF1690040DC47 /* Log in Resources */ = {isa = PBXBuildFile; fileRef = 8E2BFAD11CDBF1690040DC47 /* Log */; };
		8E2BFB4C1CDBF1690040DC47 /* LogManager.inl in Resources */ = {isa = PBXBuildFile; fileRef = 8E2BFAD41CDBF1690040DC47 /* LogManager.inl */; };
		8E2BFB4D1CDBF1690040DC47 /* CommandLineParser.cpp in Sources */ = {isa = PBXBuildFile; fileRef = 8E2BFB071CDBF1690040DC47 /* CommandLineParser.cpp */; };
		8E2BFB4E1CDBF1690040DC47 /* Encryption.cpp in Sources */ = {isa = PBXBuildFile; fileRef = 8E2BFB081CDBF1690040DC47 /* Encryption.cpp */; };
		8E2BFB4F1CDBF1690040DC47 /* StringTools.cpp in Sources */ = {isa = PBXBuildFile; fileRef = 8E2BFB091CDBF1690040DC47 /* StringTools.cpp */; };
		8E2BFB501CDBF1690040DC47 /* Thread.cpp in Sources */ = {isa = PBXBuildFile; fileRef = 8E2BFB0A1CDBF1690040DC47 /* Thread.cpp */; };
		8E2BFB511CDBF1690040DC47 /* File.cpp in Sources */ = {isa = PBXBuildFile; fileRef = 8E2BFB0C1CDBF1690040DC47 /* File.cpp */; };
		8E2BFB521CDBF1690040DC47 /* Filesystem.cpp in Sources */ = {isa = PBXBuildFile; fileRef = 8E2BFB0D1CDBF1690040DC47 /* Filesystem.cpp */; };
		8E2BFB531CDBF1690040DC47 /* Path.cpp in Sources */ = {isa = PBXBuildFile; fileRef = 8E2BFB0E1CDBF1690040DC47 /* Path.cpp */; };
		8E2BFB541CDBF1690040DC47 /* CallbackLog.cpp in Sources */ = {isa = PBXBuildFile; fileRef = 8E2BFB101CDBF1690040DC47 /* CallbackLog.cpp */; };
		8E2BFB551CDBF1690040DC47 /* ConsoleLog.cpp in Sources */ = {isa = PBXBuildFile; fileRef = 8E2BFB111CDBF1690040DC47 /* ConsoleLog.cpp */; };
		8E2BFB561CDBF1690040DC47 /* HTMLLog.cpp in Sources */ = {isa = PBXBuildFile; fileRef = 8E2BFB121CDBF1690040DC47 /* HTMLLog.cpp */; };
		8E2BFB571CDBF1690040DC47 /* Log.cpp in Sources */ = {isa = PBXBuildFile; fileRef = 8E2BFB131CDBF1690040DC47 /* Log.cpp */; };
		8E2BFB581CDBF1690040DC47 /* LogManager.cpp in Sources */ = {isa = PBXBuildFile; fileRef = 8E2BFB141CDBF1690040DC47 /* LogManager.cpp */; };
		8E2BFB591CDBF1690040DC47 /* StreamLog.cpp in Sources */ = {isa = PBXBuildFile; fileRef = 8E2BFB151CDBF1690040DC47 /* StreamLog.cpp */; };
		8E2BFB5A1CDBF1690040DC47 /* TextLog.cpp in Sources */ = {isa = PBXBuildFile; fileRef = 8E2BFB161CDBF1690040DC47 /* TextLog.cpp */; };
		8E2BFB5B1CDBF1690040DC47 /* ConnectionAggregator.cpp in Sources */ = {isa = PBXBuildFile; fileRef = 8E2BFB181CDBF1690040DC47 /* ConnectionAggregator.cpp */; };
		8E2BFB5C1CDBF1690040DC47 /* ConnectionFactorySelector.cpp in Sources */ = {isa = PBXBuildFile; fileRef = 8E2BFB191CDBF1690040DC47 /* ConnectionFactorySelector.cpp */; };
		8E2BFB5D1CDBF1690040DC47 /* Endpoint.cpp in Sources */ = {isa = PBXBuildFile; fileRef = 8E2BFB1A1CDBF1690040DC47 /* Endpoint.cpp */; };
		8E2BFB5E1CDBF1690040DC47 /* FramingUtils.cpp in Sources */ = {isa = PBXBuildFile; fileRef = 8E2BFB1C1CDBF1690040DC47 /* FramingUtils.cpp */; };
		8E2BFB5F1CDBF1690040DC47 /* SizePrefixedProtocol.cpp in Sources */ = {isa = PBXBuildFile; fileRef = 8E2BFB1D1CDBF1690040DC47 /* SizePrefixedProtocol.cpp */; };
		8E2BFB601CDBF1690040DC47 /* WebSocketProtocol.cpp in Sources */ = {isa = PBXBuildFile; fileRef = 8E2BFB1E1CDBF1690040DC47 /* WebSocketProtocol.cpp */; };
		8E2BFB611CDBF1690040DC47 /* FramingConnection.cpp in Sources */ = {isa = PBXBuildFile; fileRef = 8E2BFB201CDBF1690040DC47 /* FramingConnection.cpp */; };
		8E2BFB621CDBF1690040DC47 /* FramingConnectionAcceptor.cpp in Sources */ = {isa = PBXBuildFile; fileRef = 8E2BFB211CDBF1690040DC47 /* FramingConnectionAcceptor.cpp */; };
		8E2BFB631CDBF1690040DC47 /* FramingConnectionFactory.cpp in Sources */ = {isa = PBXBuildFile; fileRef = 8E2BFB221CDBF1690040DC47 /* FramingConnectionFactory.cpp */; };
		8E2BFB641CDBF1690040DC47 /* LoopbackConnection.cpp in Sources */ = {isa = PBXBuildFile; fileRef = 8E2BFB231CDBF1690040DC47 /* LoopbackConnection.cpp */; };
		8E2BFB651CDBF1690040DC47 /* LoopbackConnectionAcceptor.cpp in Sources */ = {isa = PBXBuildFile; fileRef = 8E2BFB241CDBF1690040DC47 /* LoopbackConnectionAcceptor.cpp */; };
		8E2BFB661CDBF1690040DC47 /* LoopbackConnectionFactory.cpp in Sources */ = {isa = PBXBuildFile; fileRef = 8E2BFB251CDBF1690040DC47 /* LoopbackConnectionFactory.cpp */; };
		8E2BFB671CDBF1690040DC47 /* LoopbackConnectionSpawner.cpp in Sources */ = {isa = PBXBuildFile; fileRef = 8E2BFB261CDBF1690040DC47 /* LoopbackConnectionSpawner.cpp */; };
		8E2BFB681CDBF1690040DC47 /* Message.cpp in Sources */ = {isa = PBXBuildFile; fileRef = 8E2BFB271CDBF1690040DC47 /* Message.cpp */; };
		8E2BFB691CDBF1690040DC47 /* Dispatcher.cpp in Sources */ = {isa = PBXBuildFile; fileRef = 8E2BFB291CDBF1690040DC47 /* Dispatcher.cpp */; };
		8E2BFB6A1CDBF1690040DC47 /* JsonKeys.cpp in Sources */ = {isa = PBXBuildFile; fileRef = 8E2BFB2A1CDBF1690040DC47 /* JsonKeys.cpp */; };
		8E2BFB6B1CDBF1690040DC47 /* Method.cpp in Sources */ = {isa = PBXBuildFile; fileRef = 8E2BFB2B1CDBF1690040DC47 /* Method.cpp */; };
		8E2BFB6C1CDBF1690040DC47 /* MethodDescription.cpp in Sources */ = {isa = PBXBuildFile; fileRef = 8E2BFB2C1CDBF1690040DC47 /* MethodDescription.cpp */; };
		8E2BFB6D1CDBF1690040DC47 /* RpcClient.cpp in Sources */ = {isa = PBXBuildFile; fileRef = 8E2BFB2D1CDBF1690040DC47 /* RpcClient.cpp */; };
		8E2BFB6E1CDBF1690040DC47 /* ValueType.cpp in Sources */ = {isa = PBXBuildFile; fileRef = 8E2BFB2E1CDBF1690040DC47 /* ValueType.cpp */; };
		8E2BFB6F1CDBF1690040DC47 /* QueueConnection.cpp in Sources */ = {isa = PBXBuildFile; fileRef = 8E2BFB301CDBF1690040DC47 /* QueueConnection.cpp */; };
		8E2BFB701CDBF1690040DC47 /* QueueConnectionAcceptor.cpp in Sources */ = {isa = PBXBuildFile; fileRef = 8E2BFB311CDBF1690040DC47 /* QueueConnectionAcceptor.cpp */; };
		8E2BFB711CDBF1690040DC47 /* QueueConnectionFactory.cpp in Sources */ = {isa = PBXBuildFile; fileRef = 8E2BFB321CDBF1690040DC47 /* QueueConnectionFactory.cpp */; };
		8E2BFB721CDBF1690040DC47 /* QueueConnectionSpawner.cpp in Sources */ = {isa = PBXBuildFile; fileRef = 8E2BFB331CDBF1690040DC47 /* QueueConnectionSpawner.cpp */; };
		8E2BFB731CDBF1690040DC47 /* Sockets.cpp in Sources */ = {isa = PBXBuildFile; fileRef = 8E2BFB341CDBF1690040DC47 /* Sockets.cpp */; };
		8E2BFB741CDBF1690040DC47 /* TCPConnection.cpp in Sources */ = {isa = PBXBuildFile; fileRef = 8E2BFB351CDBF1690040DC47 /* TCPConnection.cpp */; };
		8E2BFB751CDBF1690040DC47 /* TCPConnectionAcceptor.cpp in Sources */ = {isa = PBXBuildFile; fileRef = 8E2BFB361CDBF1690040DC47 /* TCPConnectionAcceptor.cpp */; };
		8E2BFB761CDBF1690040DC47 /* TCPConnectionFactory.cpp in Sources */ = {isa = PBXBuildFile; fileRef = 8E2BFB371CDBF1690040DC47 /* TCPConnectionFactory.cpp */; };
		8E2BFB771CDBF1690040DC47 /* TCPNetworkAddress.cpp in Sources */ = {isa = PBXBuildFile; fileRef = 8E2BFB381CDBF1690040DC47 /* TCPNetworkAddress.cpp */; };
		8E2BFB781CDBF1690040DC47 /* NetworkTesting.cpp in Sources */ = {isa = PBXBuildFile; fileRef = 8E2BFB3A1CDBF1690040DC47 /* NetworkTesting.cpp */; };
		8E2BFB791CDBF1690040DC47 /* AES.cpp in Sources */ = {isa = PBXBuildFile; fileRef = 8E2BFB3D1CDBF1690040DC47 /* AES.cpp */; };
		8E2BFB7A1CDBF1690040DC47 /* base64.cpp in Sources */ = {isa = PBXBuildFile; fileRef = 8E2BFB401CDBF1690040DC47 /* base64.cpp */; };
		8E2BFB7B1CDBF1690040DC47 /* jsoncpp.cpp in Sources */ = {isa = PBXBuildFile; fileRef = 8E2BFB451CDBF1690040DC47 /* jsoncpp.cpp */; };
		8E2BFB7C1CDBF1690040DC47 /* license.txt in Resources */ = {isa = PBXBuildFile; fileRef = 8E2BFB471CDBF1690040DC47 /* license.txt */; };
		8E2BFB7D1CDBF1690040DC47 /* sha1.cpp in Sources */ = {isa = PBXBuildFile; fileRef = 8E2BFB481CDBF1690040DC47 /* sha1.cpp */; };
		8E6DCEC91CDB971B0091D5AB /* SettingsViewController.mm in Sources */ = {isa = PBXBuildFile; fileRef = 8E6DCEC81CDB971B0091D5AB /* SettingsViewController.mm */; };
		8E886FFE1CEF7D94003CAED6 /* PythonProvider.cpp in Sources */ = {isa = PBXBuildFile; fileRef = 8E886FFC1CEF7D94003CAED6 /* PythonProvider.cpp */; };
		8E95879F1CE1561400D8CAB9 /* bb.fsh in Resources */ = {isa = PBXBuildFile; fileRef = 8E9587821CE1561400D8CAB9 /* bb.fsh */; };
		8E9587A01CE1561400D8CAB9 /* bb.vsh in Resources */ = {isa = PBXBuildFile; fileRef = 8E9587831CE1561400D8CAB9 /* bb.vsh */; };
		8E9587A11CE1561400D8CAB9 /* geo_pc.fsh in Resources */ = {isa = PBXBuildFile; fileRef = 8E9587841CE1561400D8CAB9 /* geo_pc.fsh */; };
		8E9587A21CE1561400D8CAB9 /* geo_pc.vsh in Resources */ = {isa = PBXBuildFile; fileRef = 8E9587851CE1561400D8CAB9 /* geo_pc.vsh */; };
		8E9587A31CE1561400D8CAB9 /* geo_pn.fsh in Resources */ = {isa = PBXBuildFile; fileRef = 8E9587861CE1561400D8CAB9 /* geo_pn.fsh */; };
		8E9587A41CE1561400D8CAB9 /* geo_pn.vsh in Resources */ = {isa = PBXBuildFile; fileRef = 8E9587871CE1561400D8CAB9 /* geo_pn.vsh */; };
		8E9587A51CE1561400D8CAB9 /* geo_pna.fsh in Resources */ = {isa = PBXBuildFile; fileRef = 8E9587881CE1561400D8CAB9 /* geo_pna.fsh */; };
		8E9587A61CE1561400D8CAB9 /* geo_pna.vsh in Resources */ = {isa = PBXBuildFile; fileRef = 8E9587891CE1561400D8CAB9 /* geo_pna.vsh */; };
		8E9587A71CE1561400D8CAB9 /* geo_pnc.fsh in Resources */ = {isa = PBXBuildFile; fileRef = 8E95878A1CE1561400D8CAB9 /* geo_pnc.fsh */; };
		8E9587A81CE1561400D8CAB9 /* geo_pnc.vsh in Resources */ = {isa = PBXBuildFile; fileRef = 8E95878B1CE1561400D8CAB9 /* geo_pnc.vsh */; };
		8E9587A91CE1561400D8CAB9 /* geo_pnt.fsh in Resources */ = {isa = PBXBuildFile; fileRef = 8E95878C1CE1561400D8CAB9 /* geo_pnt.fsh */; };
		8E9587AA1CE1561400D8CAB9 /* geo_pnt.vsh in Resources */ = {isa = PBXBuildFile; fileRef = 8E95878D1CE1561400D8CAB9 /* geo_pnt.vsh */; };
		8E9587AB1CE1561400D8CAB9 /* geo_pnta.fsh in Resources */ = {isa = PBXBuildFile; fileRef = 8E95878E1CE1561400D8CAB9 /* geo_pnta.fsh */; };
		8E9587AC1CE1561400D8CAB9 /* geo_pnta.vsh in Resources */ = {isa = PBXBuildFile; fileRef = 8E95878F1CE1561400D8CAB9 /* geo_pnta.vsh */; };
		8E9587AD1CE1561400D8CAB9 /* geo_pt.fsh in Resources */ = {isa = PBXBuildFile; fileRef = 8E9587901CE1561400D8CAB9 /* geo_pt.fsh */; };
		8E9587AE1CE1561400D8CAB9 /* geo_pt.vsh in Resources */ = {isa = PBXBuildFile; fileRef = 8E9587911CE1561400D8CAB9 /* geo_pt.vsh */; };
		8E9587AF1CE1561400D8CAB9 /* quad.fsh in Resources */ = {isa = PBXBuildFile; fileRef = 8E9587921CE1561400D8CAB9 /* quad.fsh */; };
		8E9587B01CE1561400D8CAB9 /* quad.vsh in Resources */ = {isa = PBXBuildFile; fileRef = 8E9587931CE1561400D8CAB9 /* quad.vsh */; };
		8E9587B11CE1561400D8CAB9 /* sliceQuad.fsh in Resources */ = {isa = PBXBuildFile; fileRef = 8E9587941CE1561400D8CAB9 /* sliceQuad.fsh */; };
		8E9587B21CE1561400D8CAB9 /* sliceQuad.vsh in Resources */ = {isa = PBXBuildFile; fileRef = 8E9587951CE1561400D8CAB9 /* sliceQuad.vsh */; };
		8E9587B31CE1561400D8CAB9 /* vol.vsh in Resources */ = {isa = PBXBuildFile; fileRef = 8E9587961CE1561400D8CAB9 /* vol.vsh */; };
		8E9587B41CE1561400D8CAB9 /* vol_l.fsh in Resources */ = {isa = PBXBuildFile; fileRef = 8E9587971CE1561400D8CAB9 /* vol_l.fsh */; };
		8E9587B51CE1561400D8CAB9 /* vol_l_2.fsh in Resources */ = {isa = PBXBuildFile; fileRef = 8E9587981CE1561400D8CAB9 /* vol_l_2.fsh */; };
		8E9587B61CE1561400D8CAB9 /* vol_lti.fsh in Resources */ = {isa = PBXBuildFile; fileRef = 8E9587991CE1561400D8CAB9 /* vol_lti.fsh */; };
		8E9587B71CE1561400D8CAB9 /* vol_lti_2.fsh in Resources */ = {isa = PBXBuildFile; fileRef = 8E95879A1CE1561400D8CAB9 /* vol_lti_2.fsh */; };
		8E9587B81CE1561400D8CAB9 /* vol_nl.fsh in Resources */ = {isa = PBXBuildFile; fileRef = 8E95879B1CE1561400D8CAB9 /* vol_nl.fsh */; };
		8E9587B91CE1561400D8CAB9 /* vol_nl_2.fsh in Resources */ = {isa = PBXBuildFile; fileRef = 8E95879C1CE1561400D8CAB9 /* vol_nl_2.fsh */; };
		8E9587BA1CE1561400D8CAB9 /* vol_nlti.fsh in Resources */ = {isa = PBXBuildFile; fileRef = 8E95879D1CE1561400D8CAB9 /* vol_nlti.fsh */; };
		8E9587BB1CE1561400D8CAB9 /* vol_nlti_2.fsh in Resources */ = {isa = PBXBuildFile; fileRef = 8E95879E1CE1561400D8CAB9 /* vol_nlti_2.fsh */; };
		8EAE3C511CED2ECE00A9B7F2 /* AbstractIO.cpp in Sources */ = {isa = PBXBuildFile; fileRef = 8EAE3C291CED2ECE00A9B7F2 /* AbstractIO.cpp */; };
		8EAE3C521CED2ECE00A9B7F2 /* AbstractRenderer.cpp in Sources */ = {isa = PBXBuildFile; fileRef = 8EAE3C2B1CED2ECE00A9B7F2 /* AbstractRenderer.cpp */; };
		8EAE3C531CED2ECE00A9B7F2 /* BoundingBoxCalculator.cpp in Sources */ = {isa = PBXBuildFile; fileRef = 8EAE3C2D1CED2ECE00A9B7F2 /* BoundingBoxCalculator.cpp */; };
		8EAE3C541CED2ECE00A9B7F2 /* CMakeLists.txt in Resources */ = {isa = PBXBuildFile; fileRef = 8EAE3C2F1CED2ECE00A9B7F2 /* CMakeLists.txt */; };
		8EAE3C551CED2ECE00A9B7F2 /* Communication.cpp in Sources */ = {isa = PBXBuildFile; fileRef = 8EAE3C301CED2ECE00A9B7F2 /* Communication.cpp */; };
		8EAE3C561CED2ECE00A9B7F2 /* Dataset.cpp in Sources */ = {isa = PBXBuildFile; fileRef = 8EAE3C331CED2ECE00A9B7F2 /* Dataset.cpp */; };
		8EAE3C571CED2ECE00A9B7F2 /* DownloadProvider.cpp in Sources */ = {isa = PBXBuildFile; fileRef = 8EAE3C361CED2ECE00A9B7F2 /* DownloadProvider.cpp */; };
		8EAE3C581CED2ECE00A9B7F2 /* G3D.cpp in Sources */ = {isa = PBXBuildFile; fileRef = 8EAE3C381CED2ECE00A9B7F2 /* G3D.cpp */; };
		8EAE3C591CED2ECE00A9B7F2 /* GeometryDataset.cpp in Sources */ = {isa = PBXBuildFile; fileRef = 8EAE3C3A1CED2ECE00A9B7F2 /* GeometryDataset.cpp */; };
		8EAE3C5A1CED2ECE00A9B7F2 /* GeometryRenderer.cpp in Sources */ = {isa = PBXBuildFile; fileRef = 8EAE3C3C1CED2ECE00A9B7F2 /* GeometryRenderer.cpp */; };
		8EAE3C5B1CED2ECE00A9B7F2 /* GLMatrix.cpp in Sources */ = {isa = PBXBuildFile; fileRef = 8EAE3C3E1CED2ECE00A9B7F2 /* GLMatrix.cpp */; };
		8EAE3C5C1CED2ECE00A9B7F2 /* InputVariable.cpp in Sources */ = {isa = PBXBuildFile; fileRef = 8EAE3C401CED2ECE00A9B7F2 /* InputVariable.cpp */; };
		8EAE3C5D1CED2ECE00A9B7F2 /* RenderDispatcher.cpp in Sources */ = {isa = PBXBuildFile; fileRef = 8EAE3C421CED2ECE00A9B7F2 /* RenderDispatcher.cpp */; };
		8EAE3C5E1CED2ECE00A9B7F2 /* Scene.cpp in Sources */ = {isa = PBXBuildFile; fileRef = 8EAE3C441CED2ECE00A9B7F2 /* Scene.cpp */; };
		8EAE3C5F1CED2ECE00A9B7F2 /* SceneLoader.cpp in Sources */ = {isa = PBXBuildFile; fileRef = 8EAE3C461CED2ECE00A9B7F2 /* SceneLoader.cpp */; };
		8EAE3C601CED2ECE00A9B7F2 /* SceneMetadata.cpp in Sources */ = {isa = PBXBuildFile; fileRef = 8EAE3C481CED2ECE00A9B7F2 /* SceneMetadata.cpp */; };
		8EAE3C611CED2ECE00A9B7F2 /* SceneNode.cpp in Sources */ = {isa = PBXBuildFile; fileRef = 8EAE3C4A1CED2ECE00A9B7F2 /* SceneNode.cpp */; };
		8EAE3C621CED2ECE00A9B7F2 /* SceneParser.cpp in Sources */ = {isa = PBXBuildFile; fileRef = 8EAE3C4C1CED2ECE00A9B7F2 /* SceneParser.cpp */; };
		8EB837B01CE3D6AD0086D761 /* AbstrDebugOut.cpp in Sources */ = {isa = PBXBuildFile; fileRef = 8EB8376C1CE3D6AD0086D761 /* AbstrDebugOut.cpp */; };
		8EB837B11CE3D6AD0086D761 /* CMakeLists.txt in Resources */ = {isa = PBXBuildFile; fileRef = 8EB8376E1CE3D6AD0086D761 /* CMakeLists.txt */; };
		8EB837B21CE3D6AD0086D761 /* ConsoleOut.cpp in Sources */ = {isa = PBXBuildFile; fileRef = 8EB837701CE3D6AD0086D761 /* ConsoleOut.cpp */; };
		8EB837B31CE3D6AD0086D761 /* DebugOutHandler.cpp in Sources */ = {isa = PBXBuildFile; fileRef = 8EB837721CE3D6AD0086D761 /* DebugOutHandler.cpp */; };
		8EB837B41CE3D6AD0086D761 /* iOS.mm in Sources */ = {isa = PBXBuildFile; fileRef = 8EB837751CE3D6AD0086D761 /* iOS.mm */; };
		8EB837B51CE3D6AD0086D761 /* Macros.cpp in Sources */ = {isa = PBXBuildFile; fileRef = 8EB837761CE3D6AD0086D761 /* Macros.cpp */; };
		8EB837B61CE3D6AD0086D761 /* MultiplexOut.cpp in Sources */ = {isa = PBXBuildFile; fileRef = 8EB837781CE3D6AD0086D761 /* MultiplexOut.cpp */; };
		8EB837B71CE3D6AD0086D761 /* SysTools.cpp in Sources */ = {isa = PBXBuildFile; fileRef = 8EB8377C1CE3D6AD0086D761 /* SysTools.cpp */; };
		8EB837B81CE3D6AD0086D761 /* Threads.cpp in Sources */ = {isa = PBXBuildFile; fileRef = 8EB8377E1CE3D6AD0086D761 /* Threads.cpp */; };
		8EB837B91CE3D6AD0086D761 /* XQueryComponents.mm in Sources */ = {isa = PBXBuildFile; fileRef = 8EB837821CE3D6AD0086D761 /* XQueryComponents.mm */; };
		8EB837BA1CE3D6AD0086D761 /* GeometryRendererImpl.cpp in Sources */ = {isa = PBXBuildFile; fileRef = 8EB837841CE3D6AD0086D761 /* GeometryRendererImpl.cpp */; };
		8EB837BB1CE3D6AD0086D761 /* GLFrameBufferObject.cpp in Sources */ = {isa = PBXBuildFile; fileRef = 8EB837861CE3D6AD0086D761 /* GLFrameBufferObject.cpp */; };
		8EB837BC1CE3D6AD0086D761 /* GLShader.cpp in Sources */ = {isa = PBXBuildFile; fileRef = 8EB8378A1CE3D6AD0086D761 /* GLShader.cpp */; };
		8EB837CF1CE3F7270086D761 /* AbstractRendererImpl.cpp in Sources */ = {isa = PBXBuildFile; fileRef = 8EB837CD1CE3F7270086D761 /* AbstractRendererImpl.cpp */; };
		8EC1922D1CE12C42003EBC45 /* Render3DViewController.mm in Sources */ = {isa = PBXBuildFile; fileRef = 8EC1922C1CE12C42003EBC45 /* Render3DViewController.mm */; };
		8EC1922F1CE12FB6003EBC45 /* GLKit.framework in Frameworks */ = {isa = PBXBuildFile; fileRef = 8EC1922E1CE12FB6003EBC45 /* GLKit.framework */; };
		8EC5A3961CE143650042E2C8 /* OpenGLES.framework in Frameworks */ = {isa = PBXBuildFile; fileRef = 8EC5A3951CE143650042E2C8 /* OpenGLES.framework */; };
		8ECB12E81CE50EAD009297D6 /* DynamicUIBuilder.mm in Sources */ = {isa = PBXBuildFile; fileRef = 8ECB12E71CE50EAD009297D6 /* DynamicUIBuilder.mm */; };
		8EE1D6FA1CEA8522009AF00B /* ArcBall.cpp in Sources */ = {isa = PBXBuildFile; fileRef = 8EE1D6F81CEA8522009AF00B /* ArcBall.cpp */; };
/* End PBXBuildFile section */

/* Begin PBXFileReference section */
		8E2AF9CE1CDA762900AC6CEC /* IV3Dm2-iOS.app */ = {isa = PBXFileReference; explicitFileType = wrapper.application; includeInIndex = 0; path = "IV3Dm2-iOS.app"; sourceTree = BUILT_PRODUCTS_DIR; };
		8E2AF9D21CDA762900AC6CEC /* main.mm */ = {isa = PBXFileReference; lastKnownFileType = sourcecode.cpp.objcpp; path = main.mm; sourceTree = "<group>"; };
		8E2AF9D41CDA762900AC6CEC /* AppDelegate.h */ = {isa = PBXFileReference; lastKnownFileType = sourcecode.c.h; path = AppDelegate.h; sourceTree = "<group>"; };
		8E2AF9D51CDA762900AC6CEC /* AppDelegate.mm */ = {isa = PBXFileReference; lastKnownFileType = sourcecode.cpp.objcpp; lineEnding = 0; path = AppDelegate.mm; sourceTree = "<group>"; xcLanguageSpecificationIdentifier = xcode.lang.objcpp; };
		8E2AF9D71CDA762900AC6CEC /* SelectSceneViewController.h */ = {isa = PBXFileReference; lastKnownFileType = sourcecode.c.h; path = SelectSceneViewController.h; sourceTree = "<group>"; };
		8E2AF9D81CDA762900AC6CEC /* SelectSceneViewController.mm */ = {isa = PBXFileReference; lastKnownFileType = sourcecode.cpp.objcpp; path = SelectSceneViewController.mm; sourceTree = "<group>"; };
		8E2AF9E31CDA762900AC6CEC /* Base */ = {isa = PBXFileReference; lastKnownFileType = file.storyboard; name = Base; path = Base.lproj/LaunchScreen.storyboard; sourceTree = "<group>"; };
		8E2AF9E51CDA762900AC6CEC /* Info.plist */ = {isa = PBXFileReference; lastKnownFileType = text.plist.xml; path = Info.plist; sourceTree = "<group>"; };
		8E2AF9EB1CDAA68100AC6CEC /* TabBarViewController.h */ = {isa = PBXFileReference; lastKnownFileType = sourcecode.c.h; path = TabBarViewController.h; sourceTree = "<group>"; };
		8E2AF9EC1CDAA7B500AC6CEC /* TabBarViewController.mm */ = {isa = PBXFileReference; fileEncoding = 4; lastKnownFileType = sourcecode.cpp.objcpp; path = TabBarViewController.mm; sourceTree = "<group>"; };
		8E2AFA551CDAC18400AC6CEC /* Foundation.framework */ = {isa = PBXFileReference; lastKnownFileType = wrapper.framework; name = Foundation.framework; path = System/Library/Frameworks/Foundation.framework; sourceTree = SDKROOT; };
		8E2AFA571CDAC18C00AC6CEC /* UIKit.framework */ = {isa = PBXFileReference; lastKnownFileType = wrapper.framework; name = UIKit.framework; path = System/Library/Frameworks/UIKit.framework; sourceTree = SDKROOT; };
		8E2BFABB1CDBF1690040DC47 /* BidirectionalMap.h */ = {isa = PBXFileReference; fileEncoding = 4; lastKnownFileType = sourcecode.c.h; path = BidirectionalMap.h; sourceTree = "<group>"; };
		8E2BFABC1CDBF1690040DC47 /* CommandLineParser.h */ = {isa = PBXFileReference; fileEncoding = 4; lastKnownFileType = sourcecode.c.h; path = CommandLineParser.h; sourceTree = "<group>"; };
		8E2BFABD1CDBF1690040DC47 /* ContainerTools.h */ = {isa = PBXFileReference; fileEncoding = 4; lastKnownFileType = sourcecode.c.h; path = ContainerTools.h; sourceTree = "<group>"; };
		8E2BFABE1CDBF1690040DC47 /* Encryption.h */ = {isa = PBXFileReference; fileEncoding = 4; lastKnownFileType = sourcecode.c.h; path = Encryption.h; sourceTree = "<group>"; };
		8E2BFABF1CDBF1690040DC47 /* Endian.h */ = {isa = PBXFileReference; fileEncoding = 4; lastKnownFileType = sourcecode.c.h; path = Endian.h; sourceTree = "<group>"; };
		8E2BFAC01CDBF1690040DC47 /* Error.h */ = {isa = PBXFileReference; fileEncoding = 4; lastKnownFileType = sourcecode.c.h; path = Error.h; sourceTree = "<group>"; };
		8E2BFAC11CDBF1690040DC47 /* Explicit.h */ = {isa = PBXFileReference; fileEncoding = 4; lastKnownFileType = sourcecode.c.h; path = Explicit.h; sourceTree = "<group>"; };
		8E2BFAC21CDBF1690040DC47 /* Memory.h */ = {isa = PBXFileReference; fileEncoding = 4; lastKnownFileType = sourcecode.c.h; path = Memory.h; sourceTree = "<group>"; };
		8E2BFAC31CDBF1690040DC47 /* MessageQueue.h */ = {isa = PBXFileReference; fileEncoding = 4; lastKnownFileType = sourcecode.c.h; path = MessageQueue.h; sourceTree = "<group>"; };
		8E2BFAC41CDBF1690040DC47 /* Nullable.h */ = {isa = PBXFileReference; fileEncoding = 4; lastKnownFileType = sourcecode.c.h; path = Nullable.h; sourceTree = "<group>"; };
		8E2BFAC51CDBF1690040DC47 /* ObjectPool.h */ = {isa = PBXFileReference; fileEncoding = 4; lastKnownFileType = sourcecode.c.h; path = ObjectPool.h; sourceTree = "<group>"; };
		8E2BFAC61CDBF1690040DC47 /* Singleton.h */ = {isa = PBXFileReference; fileEncoding = 4; lastKnownFileType = sourcecode.c.h; path = Singleton.h; sourceTree = "<group>"; };
		8E2BFAC71CDBF1690040DC47 /* StringTools.h */ = {isa = PBXFileReference; fileEncoding = 4; lastKnownFileType = sourcecode.c.h; path = StringTools.h; sourceTree = "<group>"; };
		8E2BFAC81CDBF1690040DC47 /* Thread.h */ = {isa = PBXFileReference; fileEncoding = 4; lastKnownFileType = sourcecode.c.h; path = Thread.h; sourceTree = "<group>"; };
		8E2BFACA1CDBF1690040DC47 /* File.h */ = {isa = PBXFileReference; fileEncoding = 4; lastKnownFileType = sourcecode.c.h; path = File.h; sourceTree = "<group>"; };
		8E2BFACB1CDBF1690040DC47 /* Filesystem.h */ = {isa = PBXFileReference; fileEncoding = 4; lastKnownFileType = sourcecode.c.h; path = Filesystem.h; sourceTree = "<group>"; };
		8E2BFACC1CDBF1690040DC47 /* Path.h */ = {isa = PBXFileReference; fileEncoding = 4; lastKnownFileType = sourcecode.c.h; path = Path.h; sourceTree = "<group>"; };
		8E2BFACE1CDBF1690040DC47 /* CallbackLog.h */ = {isa = PBXFileReference; fileEncoding = 4; lastKnownFileType = sourcecode.c.h; path = CallbackLog.h; sourceTree = "<group>"; };
		8E2BFACF1CDBF1690040DC47 /* ConsoleLog.h */ = {isa = PBXFileReference; fileEncoding = 4; lastKnownFileType = sourcecode.c.h; path = ConsoleLog.h; sourceTree = "<group>"; };
		8E2BFAD01CDBF1690040DC47 /* HTMLLog.h */ = {isa = PBXFileReference; fileEncoding = 4; lastKnownFileType = sourcecode.c.h; path = HTMLLog.h; sourceTree = "<group>"; };
		8E2BFAD11CDBF1690040DC47 /* Log */ = {isa = PBXFileReference; fileEncoding = 4; lastKnownFileType = text; path = Log; sourceTree = "<group>"; };
		8E2BFAD21CDBF1690040DC47 /* Log.h */ = {isa = PBXFileReference; fileEncoding = 4; lastKnownFileType = sourcecode.c.h; path = Log.h; sourceTree = "<group>"; };
		8E2BFAD31CDBF1690040DC47 /* LogManager.h */ = {isa = PBXFileReference; fileEncoding = 4; lastKnownFileType = sourcecode.c.h; path = LogManager.h; sourceTree = "<group>"; };
		8E2BFAD41CDBF1690040DC47 /* LogManager.inl */ = {isa = PBXFileReference; fileEncoding = 4; lastKnownFileType = text; path = LogManager.inl; sourceTree = "<group>"; };
		8E2BFAD51CDBF1690040DC47 /* StreamLog.h */ = {isa = PBXFileReference; fileEncoding = 4; lastKnownFileType = sourcecode.c.h; path = StreamLog.h; sourceTree = "<group>"; };
		8E2BFAD61CDBF1690040DC47 /* TextLog.h */ = {isa = PBXFileReference; fileEncoding = 4; lastKnownFileType = sourcecode.c.h; path = TextLog.h; sourceTree = "<group>"; };
		8E2BFAD81CDBF1690040DC47 /* ConnectionAggregator.h */ = {isa = PBXFileReference; fileEncoding = 4; lastKnownFileType = sourcecode.c.h; path = ConnectionAggregator.h; sourceTree = "<group>"; };
		8E2BFAD91CDBF1690040DC47 /* ConnectionFactorySelector.h */ = {isa = PBXFileReference; fileEncoding = 4; lastKnownFileType = sourcecode.c.h; path = ConnectionFactorySelector.h; sourceTree = "<group>"; };
		8E2BFADA1CDBF1690040DC47 /* ConnectionID.h */ = {isa = PBXFileReference; fileEncoding = 4; lastKnownFileType = sourcecode.c.h; path = ConnectionID.h; sourceTree = "<group>"; };
		8E2BFADB1CDBF1690040DC47 /* Endpoint.h */ = {isa = PBXFileReference; fileEncoding = 4; lastKnownFileType = sourcecode.c.h; path = Endpoint.h; sourceTree = "<group>"; };
		8E2BFADD1CDBF1690040DC47 /* FramingStrategy.h */ = {isa = PBXFileReference; fileEncoding = 4; lastKnownFileType = sourcecode.c.h; path = FramingStrategy.h; sourceTree = "<group>"; };
		8E2BFADE1CDBF1690040DC47 /* FramingUtils.h */ = {isa = PBXFileReference; fileEncoding = 4; lastKnownFileType = sourcecode.c.h; path = FramingUtils.h; sourceTree = "<group>"; };
		8E2BFADF1CDBF1690040DC47 /* SizePrefixedProtocol.h */ = {isa = PBXFileReference; fileEncoding = 4; lastKnownFileType = sourcecode.c.h; path = SizePrefixedProtocol.h; sourceTree = "<group>"; };
		8E2BFAE01CDBF1690040DC47 /* WebSocketProtocol.h */ = {isa = PBXFileReference; fileEncoding = 4; lastKnownFileType = sourcecode.c.h; path = WebSocketProtocol.h; sourceTree = "<group>"; };
		8E2BFAE11CDBF1690040DC47 /* IMessageConnection.h */ = {isa = PBXFileReference; fileEncoding = 4; lastKnownFileType = sourcecode.c.h; path = IMessageConnection.h; sourceTree = "<group>"; };
		8E2BFAE21CDBF1690040DC47 /* IMessageConnectionAcceptor.h */ = {isa = PBXFileReference; fileEncoding = 4; lastKnownFileType = sourcecode.c.h; path = IMessageConnectionAcceptor.h; sourceTree = "<group>"; };
		8E2BFAE31CDBF1690040DC47 /* IMessageConnectionFactory.h */ = {isa = PBXFileReference; fileEncoding = 4; lastKnownFileType = sourcecode.c.h; path = IMessageConnectionFactory.h; sourceTree = "<group>"; };
		8E2BFAE41CDBF1690040DC47 /* IStreamConnection.h */ = {isa = PBXFileReference; fileEncoding = 4; lastKnownFileType = sourcecode.c.h; path = IStreamConnection.h; sourceTree = "<group>"; };
		8E2BFAE51CDBF1690040DC47 /* IStreamConnectionAcceptor.h */ = {isa = PBXFileReference; fileEncoding = 4; lastKnownFileType = sourcecode.c.h; path = IStreamConnectionAcceptor.h; sourceTree = "<group>"; };
		8E2BFAE61CDBF1690040DC47 /* IStreamConnectionFactory.h */ = {isa = PBXFileReference; fileEncoding = 4; lastKnownFileType = sourcecode.c.h; path = IStreamConnectionFactory.h; sourceTree = "<group>"; };
		8E2BFAE81CDBF1690040DC47 /* FramingConnection.h */ = {isa = PBXFileReference; fileEncoding = 4; lastKnownFileType = sourcecode.c.h; path = FramingConnection.h; sourceTree = "<group>"; };
		8E2BFAE91CDBF1690040DC47 /* FramingConnectionAcceptor.h */ = {isa = PBXFileReference; fileEncoding = 4; lastKnownFileType = sourcecode.c.h; path = FramingConnectionAcceptor.h; sourceTree = "<group>"; };
		8E2BFAEA1CDBF1690040DC47 /* FramingConnectionFactory.h */ = {isa = PBXFileReference; fileEncoding = 4; lastKnownFileType = sourcecode.c.h; path = FramingConnectionFactory.h; sourceTree = "<group>"; };
		8E2BFAEB1CDBF1690040DC47 /* LoopbackConnection.h */ = {isa = PBXFileReference; fileEncoding = 4; lastKnownFileType = sourcecode.c.h; path = LoopbackConnection.h; sourceTree = "<group>"; };
		8E2BFAEC1CDBF1690040DC47 /* LoopbackConnectionAcceptor.h */ = {isa = PBXFileReference; fileEncoding = 4; lastKnownFileType = sourcecode.c.h; path = LoopbackConnectionAcceptor.h; sourceTree = "<group>"; };
		8E2BFAED1CDBF1690040DC47 /* LoopbackConnectionFactory.h */ = {isa = PBXFileReference; fileEncoding = 4; lastKnownFileType = sourcecode.c.h; path = LoopbackConnectionFactory.h; sourceTree = "<group>"; };
		8E2BFAEE1CDBF1690040DC47 /* LoopbackConnectionSpawner.h */ = {isa = PBXFileReference; fileEncoding = 4; lastKnownFileType = sourcecode.c.h; path = LoopbackConnectionSpawner.h; sourceTree = "<group>"; };
		8E2BFAEF1CDBF1690040DC47 /* Message.h */ = {isa = PBXFileReference; fileEncoding = 4; lastKnownFileType = sourcecode.c.h; path = Message.h; sourceTree = "<group>"; };
		8E2BFAF01CDBF1690040DC47 /* NetworkError.h */ = {isa = PBXFileReference; fileEncoding = 4; lastKnownFileType = sourcecode.c.h; path = NetworkError.h; sourceTree = "<group>"; };
		8E2BFAF21CDBF1690040DC47 /* Dispatcher.h */ = {isa = PBXFileReference; fileEncoding = 4; lastKnownFileType = sourcecode.c.h; path = Dispatcher.h; sourceTree = "<group>"; };
		8E2BFAF31CDBF1690040DC47 /* JsonKeys.h */ = {isa = PBXFileReference; fileEncoding = 4; lastKnownFileType = sourcecode.c.h; path = JsonKeys.h; sourceTree = "<group>"; };
		8E2BFAF41CDBF1690040DC47 /* Method.h */ = {isa = PBXFileReference; fileEncoding = 4; lastKnownFileType = sourcecode.c.h; path = Method.h; sourceTree = "<group>"; };
		8E2BFAF51CDBF1690040DC47 /* MethodDescription.h */ = {isa = PBXFileReference; fileEncoding = 4; lastKnownFileType = sourcecode.c.h; path = MethodDescription.h; sourceTree = "<group>"; };
		8E2BFAF61CDBF1690040DC47 /* RpcClient.h */ = {isa = PBXFileReference; fileEncoding = 4; lastKnownFileType = sourcecode.c.h; path = RpcClient.h; sourceTree = "<group>"; };
		8E2BFAF71CDBF1690040DC47 /* ValueType.h */ = {isa = PBXFileReference; fileEncoding = 4; lastKnownFileType = sourcecode.c.h; path = ValueType.h; sourceTree = "<group>"; };
		8E2BFAF91CDBF1690040DC47 /* QueueConnection.h */ = {isa = PBXFileReference; fileEncoding = 4; lastKnownFileType = sourcecode.c.h; path = QueueConnection.h; sourceTree = "<group>"; };
		8E2BFAFA1CDBF1690040DC47 /* QueueConnectionAcceptor.h */ = {isa = PBXFileReference; fileEncoding = 4; lastKnownFileType = sourcecode.c.h; path = QueueConnectionAcceptor.h; sourceTree = "<group>"; };
		8E2BFAFB1CDBF1690040DC47 /* QueueConnectionFactory.h */ = {isa = PBXFileReference; fileEncoding = 4; lastKnownFileType = sourcecode.c.h; path = QueueConnectionFactory.h; sourceTree = "<group>"; };
		8E2BFAFC1CDBF1690040DC47 /* QueueConnectionSpawner.h */ = {isa = PBXFileReference; fileEncoding = 4; lastKnownFileType = sourcecode.c.h; path = QueueConnectionSpawner.h; sourceTree = "<group>"; };
		8E2BFAFD1CDBF1690040DC47 /* Sockets.h */ = {isa = PBXFileReference; fileEncoding = 4; lastKnownFileType = sourcecode.c.h; path = Sockets.h; sourceTree = "<group>"; };
		8E2BFAFE1CDBF1690040DC47 /* stddefines.h */ = {isa = PBXFileReference; fileEncoding = 4; lastKnownFileType = sourcecode.c.h; path = stddefines.h; sourceTree = "<group>"; };
		8E2BFAFF1CDBF1690040DC47 /* TCPConnection.h */ = {isa = PBXFileReference; fileEncoding = 4; lastKnownFileType = sourcecode.c.h; path = TCPConnection.h; sourceTree = "<group>"; };
		8E2BFB001CDBF1690040DC47 /* TCPConnectionAcceptor.h */ = {isa = PBXFileReference; fileEncoding = 4; lastKnownFileType = sourcecode.c.h; path = TCPConnectionAcceptor.h; sourceTree = "<group>"; };
		8E2BFB011CDBF1690040DC47 /* TCPConnectionFactory.h */ = {isa = PBXFileReference; fileEncoding = 4; lastKnownFileType = sourcecode.c.h; path = TCPConnectionFactory.h; sourceTree = "<group>"; };
		8E2BFB021CDBF1690040DC47 /* TCPNetworkAddress.h */ = {isa = PBXFileReference; fileEncoding = 4; lastKnownFileType = sourcecode.c.h; path = TCPNetworkAddress.h; sourceTree = "<group>"; };
		8E2BFB041CDBF1690040DC47 /* NetworkTesting.h */ = {isa = PBXFileReference; fileEncoding = 4; lastKnownFileType = sourcecode.c.h; path = NetworkTesting.h; sourceTree = "<group>"; };
		8E2BFB071CDBF1690040DC47 /* CommandLineParser.cpp */ = {isa = PBXFileReference; fileEncoding = 4; lastKnownFileType = sourcecode.cpp.cpp; path = CommandLineParser.cpp; sourceTree = "<group>"; };
		8E2BFB081CDBF1690040DC47 /* Encryption.cpp */ = {isa = PBXFileReference; fileEncoding = 4; lastKnownFileType = sourcecode.cpp.cpp; path = Encryption.cpp; sourceTree = "<group>"; };
		8E2BFB091CDBF1690040DC47 /* StringTools.cpp */ = {isa = PBXFileReference; fileEncoding = 4; lastKnownFileType = sourcecode.cpp.cpp; path = StringTools.cpp; sourceTree = "<group>"; };
		8E2BFB0A1CDBF1690040DC47 /* Thread.cpp */ = {isa = PBXFileReference; fileEncoding = 4; lastKnownFileType = sourcecode.cpp.cpp; path = Thread.cpp; sourceTree = "<group>"; };
		8E2BFB0C1CDBF1690040DC47 /* File.cpp */ = {isa = PBXFileReference; fileEncoding = 4; lastKnownFileType = sourcecode.cpp.cpp; path = File.cpp; sourceTree = "<group>"; };
		8E2BFB0D1CDBF1690040DC47 /* Filesystem.cpp */ = {isa = PBXFileReference; fileEncoding = 4; lastKnownFileType = sourcecode.cpp.cpp; path = Filesystem.cpp; sourceTree = "<group>"; };
		8E2BFB0E1CDBF1690040DC47 /* Path.cpp */ = {isa = PBXFileReference; fileEncoding = 4; lastKnownFileType = sourcecode.cpp.cpp; path = Path.cpp; sourceTree = "<group>"; };
		8E2BFB101CDBF1690040DC47 /* CallbackLog.cpp */ = {isa = PBXFileReference; fileEncoding = 4; lastKnownFileType = sourcecode.cpp.cpp; path = CallbackLog.cpp; sourceTree = "<group>"; };
		8E2BFB111CDBF1690040DC47 /* ConsoleLog.cpp */ = {isa = PBXFileReference; fileEncoding = 4; lastKnownFileType = sourcecode.cpp.cpp; path = ConsoleLog.cpp; sourceTree = "<group>"; };
		8E2BFB121CDBF1690040DC47 /* HTMLLog.cpp */ = {isa = PBXFileReference; fileEncoding = 4; lastKnownFileType = sourcecode.cpp.cpp; path = HTMLLog.cpp; sourceTree = "<group>"; };
		8E2BFB131CDBF1690040DC47 /* Log.cpp */ = {isa = PBXFileReference; fileEncoding = 4; lastKnownFileType = sourcecode.cpp.cpp; path = Log.cpp; sourceTree = "<group>"; };
		8E2BFB141CDBF1690040DC47 /* LogManager.cpp */ = {isa = PBXFileReference; fileEncoding = 4; lastKnownFileType = sourcecode.cpp.cpp; path = LogManager.cpp; sourceTree = "<group>"; };
		8E2BFB151CDBF1690040DC47 /* StreamLog.cpp */ = {isa = PBXFileReference; fileEncoding = 4; lastKnownFileType = sourcecode.cpp.cpp; path = StreamLog.cpp; sourceTree = "<group>"; };
		8E2BFB161CDBF1690040DC47 /* TextLog.cpp */ = {isa = PBXFileReference; fileEncoding = 4; lastKnownFileType = sourcecode.cpp.cpp; path = TextLog.cpp; sourceTree = "<group>"; };
		8E2BFB181CDBF1690040DC47 /* ConnectionAggregator.cpp */ = {isa = PBXFileReference; fileEncoding = 4; lastKnownFileType = sourcecode.cpp.cpp; path = ConnectionAggregator.cpp; sourceTree = "<group>"; };
		8E2BFB191CDBF1690040DC47 /* ConnectionFactorySelector.cpp */ = {isa = PBXFileReference; fileEncoding = 4; lastKnownFileType = sourcecode.cpp.cpp; path = ConnectionFactorySelector.cpp; sourceTree = "<group>"; };
		8E2BFB1A1CDBF1690040DC47 /* Endpoint.cpp */ = {isa = PBXFileReference; fileEncoding = 4; lastKnownFileType = sourcecode.cpp.cpp; path = Endpoint.cpp; sourceTree = "<group>"; };
		8E2BFB1C1CDBF1690040DC47 /* FramingUtils.cpp */ = {isa = PBXFileReference; fileEncoding = 4; lastKnownFileType = sourcecode.cpp.cpp; path = FramingUtils.cpp; sourceTree = "<group>"; };
		8E2BFB1D1CDBF1690040DC47 /* SizePrefixedProtocol.cpp */ = {isa = PBXFileReference; fileEncoding = 4; lastKnownFileType = sourcecode.cpp.cpp; path = SizePrefixedProtocol.cpp; sourceTree = "<group>"; };
		8E2BFB1E1CDBF1690040DC47 /* WebSocketProtocol.cpp */ = {isa = PBXFileReference; fileEncoding = 4; lastKnownFileType = sourcecode.cpp.cpp; path = WebSocketProtocol.cpp; sourceTree = "<group>"; };
		8E2BFB201CDBF1690040DC47 /* FramingConnection.cpp */ = {isa = PBXFileReference; fileEncoding = 4; lastKnownFileType = sourcecode.cpp.cpp; path = FramingConnection.cpp; sourceTree = "<group>"; };
		8E2BFB211CDBF1690040DC47 /* FramingConnectionAcceptor.cpp */ = {isa = PBXFileReference; fileEncoding = 4; lastKnownFileType = sourcecode.cpp.cpp; path = FramingConnectionAcceptor.cpp; sourceTree = "<group>"; };
		8E2BFB221CDBF1690040DC47 /* FramingConnectionFactory.cpp */ = {isa = PBXFileReference; fileEncoding = 4; lastKnownFileType = sourcecode.cpp.cpp; path = FramingConnectionFactory.cpp; sourceTree = "<group>"; };
		8E2BFB231CDBF1690040DC47 /* LoopbackConnection.cpp */ = {isa = PBXFileReference; fileEncoding = 4; lastKnownFileType = sourcecode.cpp.cpp; path = LoopbackConnection.cpp; sourceTree = "<group>"; };
		8E2BFB241CDBF1690040DC47 /* LoopbackConnectionAcceptor.cpp */ = {isa = PBXFileReference; fileEncoding = 4; lastKnownFileType = sourcecode.cpp.cpp; path = LoopbackConnectionAcceptor.cpp; sourceTree = "<group>"; };
		8E2BFB251CDBF1690040DC47 /* LoopbackConnectionFactory.cpp */ = {isa = PBXFileReference; fileEncoding = 4; lastKnownFileType = sourcecode.cpp.cpp; path = LoopbackConnectionFactory.cpp; sourceTree = "<group>"; };
		8E2BFB261CDBF1690040DC47 /* LoopbackConnectionSpawner.cpp */ = {isa = PBXFileReference; fileEncoding = 4; lastKnownFileType = sourcecode.cpp.cpp; path = LoopbackConnectionSpawner.cpp; sourceTree = "<group>"; };
		8E2BFB271CDBF1690040DC47 /* Message.cpp */ = {isa = PBXFileReference; fileEncoding = 4; lastKnownFileType = sourcecode.cpp.cpp; path = Message.cpp; sourceTree = "<group>"; };
		8E2BFB291CDBF1690040DC47 /* Dispatcher.cpp */ = {isa = PBXFileReference; fileEncoding = 4; lastKnownFileType = sourcecode.cpp.cpp; path = Dispatcher.cpp; sourceTree = "<group>"; };
		8E2BFB2A1CDBF1690040DC47 /* JsonKeys.cpp */ = {isa = PBXFileReference; fileEncoding = 4; lastKnownFileType = sourcecode.cpp.cpp; path = JsonKeys.cpp; sourceTree = "<group>"; };
		8E2BFB2B1CDBF1690040DC47 /* Method.cpp */ = {isa = PBXFileReference; fileEncoding = 4; lastKnownFileType = sourcecode.cpp.cpp; path = Method.cpp; sourceTree = "<group>"; };
		8E2BFB2C1CDBF1690040DC47 /* MethodDescription.cpp */ = {isa = PBXFileReference; fileEncoding = 4; lastKnownFileType = sourcecode.cpp.cpp; path = MethodDescription.cpp; sourceTree = "<group>"; };
		8E2BFB2D1CDBF1690040DC47 /* RpcClient.cpp */ = {isa = PBXFileReference; fileEncoding = 4; lastKnownFileType = sourcecode.cpp.cpp; path = RpcClient.cpp; sourceTree = "<group>"; };
		8E2BFB2E1CDBF1690040DC47 /* ValueType.cpp */ = {isa = PBXFileReference; fileEncoding = 4; lastKnownFileType = sourcecode.cpp.cpp; path = ValueType.cpp; sourceTree = "<group>"; };
		8E2BFB301CDBF1690040DC47 /* QueueConnection.cpp */ = {isa = PBXFileReference; fileEncoding = 4; lastKnownFileType = sourcecode.cpp.cpp; path = QueueConnection.cpp; sourceTree = "<group>"; };
		8E2BFB311CDBF1690040DC47 /* QueueConnectionAcceptor.cpp */ = {isa = PBXFileReference; fileEncoding = 4; lastKnownFileType = sourcecode.cpp.cpp; path = QueueConnectionAcceptor.cpp; sourceTree = "<group>"; };
		8E2BFB321CDBF1690040DC47 /* QueueConnectionFactory.cpp */ = {isa = PBXFileReference; fileEncoding = 4; lastKnownFileType = sourcecode.cpp.cpp; path = QueueConnectionFactory.cpp; sourceTree = "<group>"; };
		8E2BFB331CDBF1690040DC47 /* QueueConnectionSpawner.cpp */ = {isa = PBXFileReference; fileEncoding = 4; lastKnownFileType = sourcecode.cpp.cpp; path = QueueConnectionSpawner.cpp; sourceTree = "<group>"; };
		8E2BFB341CDBF1690040DC47 /* Sockets.cpp */ = {isa = PBXFileReference; fileEncoding = 4; lastKnownFileType = sourcecode.cpp.cpp; path = Sockets.cpp; sourceTree = "<group>"; };
		8E2BFB351CDBF1690040DC47 /* TCPConnection.cpp */ = {isa = PBXFileReference; fileEncoding = 4; lastKnownFileType = sourcecode.cpp.cpp; path = TCPConnection.cpp; sourceTree = "<group>"; };
		8E2BFB361CDBF1690040DC47 /* TCPConnectionAcceptor.cpp */ = {isa = PBXFileReference; fileEncoding = 4; lastKnownFileType = sourcecode.cpp.cpp; path = TCPConnectionAcceptor.cpp; sourceTree = "<group>"; };
		8E2BFB371CDBF1690040DC47 /* TCPConnectionFactory.cpp */ = {isa = PBXFileReference; fileEncoding = 4; lastKnownFileType = sourcecode.cpp.cpp; path = TCPConnectionFactory.cpp; sourceTree = "<group>"; };
		8E2BFB381CDBF1690040DC47 /* TCPNetworkAddress.cpp */ = {isa = PBXFileReference; fileEncoding = 4; lastKnownFileType = sourcecode.cpp.cpp; path = TCPNetworkAddress.cpp; sourceTree = "<group>"; };
		8E2BFB3A1CDBF1690040DC47 /* NetworkTesting.cpp */ = {isa = PBXFileReference; fileEncoding = 4; lastKnownFileType = sourcecode.cpp.cpp; path = NetworkTesting.cpp; sourceTree = "<group>"; };
		8E2BFB3D1CDBF1690040DC47 /* AES.cpp */ = {isa = PBXFileReference; fileEncoding = 4; lastKnownFileType = sourcecode.cpp.cpp; path = AES.cpp; sourceTree = "<group>"; };
		8E2BFB3E1CDBF1690040DC47 /* AES.h */ = {isa = PBXFileReference; fileEncoding = 4; lastKnownFileType = sourcecode.c.h; path = AES.h; sourceTree = "<group>"; };
		8E2BFB401CDBF1690040DC47 /* base64.cpp */ = {isa = PBXFileReference; fileEncoding = 4; lastKnownFileType = sourcecode.cpp.cpp; path = base64.cpp; sourceTree = "<group>"; };
		8E2BFB411CDBF1690040DC47 /* base64.h */ = {isa = PBXFileReference; fileEncoding = 4; lastKnownFileType = sourcecode.c.h; path = base64.h; sourceTree = "<group>"; };
		8E2BFB431CDBF1690040DC47 /* json-forwards.h */ = {isa = PBXFileReference; fileEncoding = 4; lastKnownFileType = sourcecode.c.h; path = "json-forwards.h"; sourceTree = "<group>"; };
		8E2BFB441CDBF1690040DC47 /* json.h */ = {isa = PBXFileReference; fileEncoding = 4; lastKnownFileType = sourcecode.c.h; path = json.h; sourceTree = "<group>"; };
		8E2BFB451CDBF1690040DC47 /* jsoncpp.cpp */ = {isa = PBXFileReference; fileEncoding = 4; lastKnownFileType = sourcecode.cpp.cpp; path = jsoncpp.cpp; sourceTree = "<group>"; };
		8E2BFB471CDBF1690040DC47 /* license.txt */ = {isa = PBXFileReference; fileEncoding = 4; lastKnownFileType = text; path = license.txt; sourceTree = "<group>"; };
		8E2BFB481CDBF1690040DC47 /* sha1.cpp */ = {isa = PBXFileReference; fileEncoding = 4; lastKnownFileType = sourcecode.cpp.cpp; path = sha1.cpp; sourceTree = "<group>"; };
		8E2BFB491CDBF1690040DC47 /* sha1.h */ = {isa = PBXFileReference; fileEncoding = 4; lastKnownFileType = sourcecode.c.h; path = sha1.h; sourceTree = "<group>"; };
		8E6DCEC71CDB97080091D5AB /* SettingsViewController.h */ = {isa = PBXFileReference; lastKnownFileType = sourcecode.c.h; path = SettingsViewController.h; sourceTree = "<group>"; };
		8E6DCEC81CDB971B0091D5AB /* SettingsViewController.mm */ = {isa = PBXFileReference; fileEncoding = 4; lastKnownFileType = sourcecode.cpp.objcpp; path = SettingsViewController.mm; sourceTree = "<group>"; };
		8E886FFC1CEF7D94003CAED6 /* PythonProvider.cpp */ = {isa = PBXFileReference; fileEncoding = 4; lastKnownFileType = sourcecode.cpp.cpp; path = PythonProvider.cpp; sourceTree = "<group>"; };
		8E886FFD1CEF7D94003CAED6 /* PythonProvider.h */ = {isa = PBXFileReference; fileEncoding = 4; lastKnownFileType = sourcecode.c.h; path = PythonProvider.h; sourceTree = "<group>"; };
		8E9587821CE1561400D8CAB9 /* bb.fsh */ = {isa = PBXFileReference; fileEncoding = 4; lastKnownFileType = sourcecode.glsl; path = bb.fsh; sourceTree = "<group>"; };
		8E9587831CE1561400D8CAB9 /* bb.vsh */ = {isa = PBXFileReference; fileEncoding = 4; lastKnownFileType = sourcecode.glsl; path = bb.vsh; sourceTree = "<group>"; };
		8E9587841CE1561400D8CAB9 /* geo_pc.fsh */ = {isa = PBXFileReference; fileEncoding = 4; lastKnownFileType = sourcecode.glsl; path = geo_pc.fsh; sourceTree = "<group>"; };
		8E9587851CE1561400D8CAB9 /* geo_pc.vsh */ = {isa = PBXFileReference; fileEncoding = 4; lastKnownFileType = sourcecode.glsl; path = geo_pc.vsh; sourceTree = "<group>"; };
		8E9587861CE1561400D8CAB9 /* geo_pn.fsh */ = {isa = PBXFileReference; fileEncoding = 4; lastKnownFileType = sourcecode.glsl; path = geo_pn.fsh; sourceTree = "<group>"; };
		8E9587871CE1561400D8CAB9 /* geo_pn.vsh */ = {isa = PBXFileReference; fileEncoding = 4; lastKnownFileType = sourcecode.glsl; path = geo_pn.vsh; sourceTree = "<group>"; };
		8E9587881CE1561400D8CAB9 /* geo_pna.fsh */ = {isa = PBXFileReference; fileEncoding = 4; lastKnownFileType = sourcecode.glsl; path = geo_pna.fsh; sourceTree = "<group>"; };
		8E9587891CE1561400D8CAB9 /* geo_pna.vsh */ = {isa = PBXFileReference; fileEncoding = 4; lastKnownFileType = sourcecode.glsl; path = geo_pna.vsh; sourceTree = "<group>"; };
		8E95878A1CE1561400D8CAB9 /* geo_pnc.fsh */ = {isa = PBXFileReference; fileEncoding = 4; lastKnownFileType = sourcecode.glsl; path = geo_pnc.fsh; sourceTree = "<group>"; };
		8E95878B1CE1561400D8CAB9 /* geo_pnc.vsh */ = {isa = PBXFileReference; fileEncoding = 4; lastKnownFileType = sourcecode.glsl; path = geo_pnc.vsh; sourceTree = "<group>"; };
		8E95878C1CE1561400D8CAB9 /* geo_pnt.fsh */ = {isa = PBXFileReference; fileEncoding = 4; lastKnownFileType = sourcecode.glsl; path = geo_pnt.fsh; sourceTree = "<group>"; };
		8E95878D1CE1561400D8CAB9 /* geo_pnt.vsh */ = {isa = PBXFileReference; fileEncoding = 4; lastKnownFileType = sourcecode.glsl; path = geo_pnt.vsh; sourceTree = "<group>"; };
		8E95878E1CE1561400D8CAB9 /* geo_pnta.fsh */ = {isa = PBXFileReference; fileEncoding = 4; lastKnownFileType = sourcecode.glsl; path = geo_pnta.fsh; sourceTree = "<group>"; };
		8E95878F1CE1561400D8CAB9 /* geo_pnta.vsh */ = {isa = PBXFileReference; fileEncoding = 4; lastKnownFileType = sourcecode.glsl; path = geo_pnta.vsh; sourceTree = "<group>"; };
		8E9587901CE1561400D8CAB9 /* geo_pt.fsh */ = {isa = PBXFileReference; fileEncoding = 4; lastKnownFileType = sourcecode.glsl; path = geo_pt.fsh; sourceTree = "<group>"; };
		8E9587911CE1561400D8CAB9 /* geo_pt.vsh */ = {isa = PBXFileReference; fileEncoding = 4; lastKnownFileType = sourcecode.glsl; path = geo_pt.vsh; sourceTree = "<group>"; };
		8E9587921CE1561400D8CAB9 /* quad.fsh */ = {isa = PBXFileReference; fileEncoding = 4; lastKnownFileType = sourcecode.glsl; path = quad.fsh; sourceTree = "<group>"; };
		8E9587931CE1561400D8CAB9 /* quad.vsh */ = {isa = PBXFileReference; fileEncoding = 4; lastKnownFileType = sourcecode.glsl; path = quad.vsh; sourceTree = "<group>"; };
		8E9587941CE1561400D8CAB9 /* sliceQuad.fsh */ = {isa = PBXFileReference; fileEncoding = 4; lastKnownFileType = sourcecode.glsl; path = sliceQuad.fsh; sourceTree = "<group>"; };
		8E9587951CE1561400D8CAB9 /* sliceQuad.vsh */ = {isa = PBXFileReference; fileEncoding = 4; lastKnownFileType = sourcecode.glsl; path = sliceQuad.vsh; sourceTree = "<group>"; };
		8E9587961CE1561400D8CAB9 /* vol.vsh */ = {isa = PBXFileReference; fileEncoding = 4; lastKnownFileType = sourcecode.glsl; path = vol.vsh; sourceTree = "<group>"; };
		8E9587971CE1561400D8CAB9 /* vol_l.fsh */ = {isa = PBXFileReference; fileEncoding = 4; lastKnownFileType = sourcecode.glsl; path = vol_l.fsh; sourceTree = "<group>"; };
		8E9587981CE1561400D8CAB9 /* vol_l_2.fsh */ = {isa = PBXFileReference; fileEncoding = 4; lastKnownFileType = sourcecode.glsl; path = vol_l_2.fsh; sourceTree = "<group>"; };
		8E9587991CE1561400D8CAB9 /* vol_lti.fsh */ = {isa = PBXFileReference; fileEncoding = 4; lastKnownFileType = sourcecode.glsl; path = vol_lti.fsh; sourceTree = "<group>"; };
		8E95879A1CE1561400D8CAB9 /* vol_lti_2.fsh */ = {isa = PBXFileReference; fileEncoding = 4; lastKnownFileType = sourcecode.glsl; path = vol_lti_2.fsh; sourceTree = "<group>"; };
		8E95879B1CE1561400D8CAB9 /* vol_nl.fsh */ = {isa = PBXFileReference; fileEncoding = 4; lastKnownFileType = sourcecode.glsl; path = vol_nl.fsh; sourceTree = "<group>"; };
		8E95879C1CE1561400D8CAB9 /* vol_nl_2.fsh */ = {isa = PBXFileReference; fileEncoding = 4; lastKnownFileType = sourcecode.glsl; path = vol_nl_2.fsh; sourceTree = "<group>"; };
		8E95879D1CE1561400D8CAB9 /* vol_nlti.fsh */ = {isa = PBXFileReference; fileEncoding = 4; lastKnownFileType = sourcecode.glsl; path = vol_nlti.fsh; sourceTree = "<group>"; };
		8E95879E1CE1561400D8CAB9 /* vol_nlti_2.fsh */ = {isa = PBXFileReference; fileEncoding = 4; lastKnownFileType = sourcecode.glsl; path = vol_nlti_2.fsh; sourceTree = "<group>"; };
		8EAE3C291CED2ECE00A9B7F2 /* AbstractIO.cpp */ = {isa = PBXFileReference; fileEncoding = 4; lastKnownFileType = sourcecode.cpp.cpp; path = AbstractIO.cpp; sourceTree = "<group>"; };
		8EAE3C2A1CED2ECE00A9B7F2 /* AbstractIO.h */ = {isa = PBXFileReference; fileEncoding = 4; lastKnownFileType = sourcecode.c.h; path = AbstractIO.h; sourceTree = "<group>"; };
		8EAE3C2B1CED2ECE00A9B7F2 /* AbstractRenderer.cpp */ = {isa = PBXFileReference; fileEncoding = 4; lastKnownFileType = sourcecode.cpp.cpp; path = AbstractRenderer.cpp; sourceTree = "<group>"; };
		8EAE3C2C1CED2ECE00A9B7F2 /* AbstractRenderer.h */ = {isa = PBXFileReference; fileEncoding = 4; lastKnownFileType = sourcecode.c.h; path = AbstractRenderer.h; sourceTree = "<group>"; };
		8EAE3C2D1CED2ECE00A9B7F2 /* BoundingBoxCalculator.cpp */ = {isa = PBXFileReference; fileEncoding = 4; lastKnownFileType = sourcecode.cpp.cpp; path = BoundingBoxCalculator.cpp; sourceTree = "<group>"; };
		8EAE3C2E1CED2ECE00A9B7F2 /* BoundingBoxCalculator.h */ = {isa = PBXFileReference; fileEncoding = 4; lastKnownFileType = sourcecode.c.h; path = BoundingBoxCalculator.h; sourceTree = "<group>"; };
		8EAE3C2F1CED2ECE00A9B7F2 /* CMakeLists.txt */ = {isa = PBXFileReference; fileEncoding = 4; lastKnownFileType = text; path = CMakeLists.txt; sourceTree = "<group>"; };
		8EAE3C301CED2ECE00A9B7F2 /* Communication.cpp */ = {isa = PBXFileReference; fileEncoding = 4; lastKnownFileType = sourcecode.cpp.cpp; path = Communication.cpp; sourceTree = "<group>"; };
		8EAE3C311CED2ECE00A9B7F2 /* Communication.h */ = {isa = PBXFileReference; fileEncoding = 4; lastKnownFileType = sourcecode.c.h; path = Communication.h; sourceTree = "<group>"; };
		8EAE3C321CED2ECE00A9B7F2 /* DataProvider.h */ = {isa = PBXFileReference; fileEncoding = 4; lastKnownFileType = sourcecode.c.h; path = DataProvider.h; sourceTree = "<group>"; };
		8EAE3C331CED2ECE00A9B7F2 /* Dataset.cpp */ = {isa = PBXFileReference; fileEncoding = 4; lastKnownFileType = sourcecode.cpp.cpp; path = Dataset.cpp; sourceTree = "<group>"; };
		8EAE3C341CED2ECE00A9B7F2 /* Dataset.h */ = {isa = PBXFileReference; fileEncoding = 4; lastKnownFileType = sourcecode.c.h; path = Dataset.h; sourceTree = "<group>"; };
		8EAE3C351CED2ECE00A9B7F2 /* DatasetDispatcher.h */ = {isa = PBXFileReference; fileEncoding = 4; lastKnownFileType = sourcecode.c.h; path = DatasetDispatcher.h; sourceTree = "<group>"; };
		8EAE3C361CED2ECE00A9B7F2 /* DownloadProvider.cpp */ = {isa = PBXFileReference; fileEncoding = 4; lastKnownFileType = sourcecode.cpp.cpp; path = DownloadProvider.cpp; sourceTree = "<group>"; };
		8EAE3C371CED2ECE00A9B7F2 /* DownloadProvider.h */ = {isa = PBXFileReference; fileEncoding = 4; lastKnownFileType = sourcecode.c.h; path = DownloadProvider.h; sourceTree = "<group>"; };
		8EAE3C381CED2ECE00A9B7F2 /* G3D.cpp */ = {isa = PBXFileReference; fileEncoding = 4; lastKnownFileType = sourcecode.cpp.cpp; path = G3D.cpp; sourceTree = "<group>"; };
		8EAE3C391CED2ECE00A9B7F2 /* G3D.h */ = {isa = PBXFileReference; fileEncoding = 4; lastKnownFileType = sourcecode.c.h; path = G3D.h; sourceTree = "<group>"; };
		8EAE3C3A1CED2ECE00A9B7F2 /* GeometryDataset.cpp */ = {isa = PBXFileReference; fileEncoding = 4; lastKnownFileType = sourcecode.cpp.cpp; path = GeometryDataset.cpp; sourceTree = "<group>"; };
		8EAE3C3B1CED2ECE00A9B7F2 /* GeometryDataset.h */ = {isa = PBXFileReference; fileEncoding = 4; lastKnownFileType = sourcecode.c.h; path = GeometryDataset.h; sourceTree = "<group>"; };
		8EAE3C3C1CED2ECE00A9B7F2 /* GeometryRenderer.cpp */ = {isa = PBXFileReference; fileEncoding = 4; lastKnownFileType = sourcecode.cpp.cpp; path = GeometryRenderer.cpp; sourceTree = "<group>"; };
		8EAE3C3D1CED2ECE00A9B7F2 /* GeometryRenderer.h */ = {isa = PBXFileReference; fileEncoding = 4; lastKnownFileType = sourcecode.c.h; path = GeometryRenderer.h; sourceTree = "<group>"; };
		8EAE3C3E1CED2ECE00A9B7F2 /* GLMatrix.cpp */ = {isa = PBXFileReference; fileEncoding = 4; lastKnownFileType = sourcecode.cpp.cpp; path = GLMatrix.cpp; sourceTree = "<group>"; };
		8EAE3C3F1CED2ECE00A9B7F2 /* GLMatrix.h */ = {isa = PBXFileReference; fileEncoding = 4; lastKnownFileType = sourcecode.c.h; path = GLMatrix.h; sourceTree = "<group>"; };
		8EAE3C401CED2ECE00A9B7F2 /* InputVariable.cpp */ = {isa = PBXFileReference; fileEncoding = 4; lastKnownFileType = sourcecode.cpp.cpp; path = InputVariable.cpp; sourceTree = "<group>"; };
		8EAE3C411CED2ECE00A9B7F2 /* InputVariable.h */ = {isa = PBXFileReference; fileEncoding = 4; lastKnownFileType = sourcecode.c.h; path = InputVariable.h; sourceTree = "<group>"; };
		8EAE3C421CED2ECE00A9B7F2 /* RenderDispatcher.cpp */ = {isa = PBXFileReference; fileEncoding = 4; lastKnownFileType = sourcecode.cpp.cpp; path = RenderDispatcher.cpp; sourceTree = "<group>"; };
		8EAE3C431CED2ECE00A9B7F2 /* RenderDispatcher.h */ = {isa = PBXFileReference; fileEncoding = 4; lastKnownFileType = sourcecode.c.h; path = RenderDispatcher.h; sourceTree = "<group>"; };
		8EAE3C441CED2ECE00A9B7F2 /* Scene.cpp */ = {isa = PBXFileReference; fileEncoding = 4; lastKnownFileType = sourcecode.cpp.cpp; path = Scene.cpp; sourceTree = "<group>"; };
		8EAE3C451CED2ECE00A9B7F2 /* Scene.h */ = {isa = PBXFileReference; fileEncoding = 4; lastKnownFileType = sourcecode.c.h; path = Scene.h; sourceTree = "<group>"; };
		8EAE3C461CED2ECE00A9B7F2 /* SceneLoader.cpp */ = {isa = PBXFileReference; fileEncoding = 4; lastKnownFileType = sourcecode.cpp.cpp; path = SceneLoader.cpp; sourceTree = "<group>"; };
		8EAE3C471CED2ECE00A9B7F2 /* SceneLoader.h */ = {isa = PBXFileReference; fileEncoding = 4; lastKnownFileType = sourcecode.c.h; path = SceneLoader.h; sourceTree = "<group>"; };
		8EAE3C481CED2ECE00A9B7F2 /* SceneMetadata.cpp */ = {isa = PBXFileReference; fileEncoding = 4; lastKnownFileType = sourcecode.cpp.cpp; path = SceneMetadata.cpp; sourceTree = "<group>"; };
		8EAE3C491CED2ECE00A9B7F2 /* SceneMetadata.h */ = {isa = PBXFileReference; fileEncoding = 4; lastKnownFileType = sourcecode.c.h; path = SceneMetadata.h; sourceTree = "<group>"; };
		8EAE3C4A1CED2ECE00A9B7F2 /* SceneNode.cpp */ = {isa = PBXFileReference; fileEncoding = 4; lastKnownFileType = sourcecode.cpp.cpp; path = SceneNode.cpp; sourceTree = "<group>"; };
		8EAE3C4B1CED2ECE00A9B7F2 /* SceneNode.h */ = {isa = PBXFileReference; fileEncoding = 4; lastKnownFileType = sourcecode.c.h; path = SceneNode.h; sourceTree = "<group>"; };
		8EAE3C4C1CED2ECE00A9B7F2 /* SceneParser.cpp */ = {isa = PBXFileReference; fileEncoding = 4; lastKnownFileType = sourcecode.cpp.cpp; path = SceneParser.cpp; sourceTree = "<group>"; };
		8EAE3C4D1CED2ECE00A9B7F2 /* SceneParser.h */ = {isa = PBXFileReference; fileEncoding = 4; lastKnownFileType = sourcecode.c.h; path = SceneParser.h; sourceTree = "<group>"; };
		8EAE3C501CED2ECE00A9B7F2 /* ScreenInfo.h */ = {isa = PBXFileReference; fileEncoding = 4; lastKnownFileType = sourcecode.c.h; path = ScreenInfo.h; sourceTree = "<group>"; };
		8EB8376A1CE3D6AD0086D761 /* Error.h */ = {isa = PBXFileReference; fileEncoding = 4; lastKnownFileType = sourcecode.c.h; path = Error.h; sourceTree = "<group>"; };
		8EB8376C1CE3D6AD0086D761 /* AbstrDebugOut.cpp */ = {isa = PBXFileReference; fileEncoding = 4; lastKnownFileType = sourcecode.cpp.cpp; path = AbstrDebugOut.cpp; sourceTree = "<group>"; };
		8EB8376D1CE3D6AD0086D761 /* AbstrDebugOut.h */ = {isa = PBXFileReference; fileEncoding = 4; lastKnownFileType = sourcecode.c.h; path = AbstrDebugOut.h; sourceTree = "<group>"; };
		8EB8376E1CE3D6AD0086D761 /* CMakeLists.txt */ = {isa = PBXFileReference; fileEncoding = 4; lastKnownFileType = text; path = CMakeLists.txt; sourceTree = "<group>"; };
		8EB8376F1CE3D6AD0086D761 /* Console.h */ = {isa = PBXFileReference; fileEncoding = 4; lastKnownFileType = sourcecode.c.h; path = Console.h; sourceTree = "<group>"; };
		8EB837701CE3D6AD0086D761 /* ConsoleOut.cpp */ = {isa = PBXFileReference; fileEncoding = 4; lastKnownFileType = sourcecode.cpp.cpp; path = ConsoleOut.cpp; sourceTree = "<group>"; };
		8EB837711CE3D6AD0086D761 /* ConsoleOut.h */ = {isa = PBXFileReference; fileEncoding = 4; lastKnownFileType = sourcecode.c.h; path = ConsoleOut.h; sourceTree = "<group>"; };
		8EB837721CE3D6AD0086D761 /* DebugOutHandler.cpp */ = {isa = PBXFileReference; fileEncoding = 4; lastKnownFileType = sourcecode.cpp.cpp; path = DebugOutHandler.cpp; sourceTree = "<group>"; };
		8EB837731CE3D6AD0086D761 /* DebugOutHandler.h */ = {isa = PBXFileReference; fileEncoding = 4; lastKnownFileType = sourcecode.c.h; path = DebugOutHandler.h; sourceTree = "<group>"; };
		8EB837741CE3D6AD0086D761 /* iOS.h */ = {isa = PBXFileReference; fileEncoding = 4; lastKnownFileType = sourcecode.c.h; path = iOS.h; sourceTree = "<group>"; };
		8EB837751CE3D6AD0086D761 /* iOS.mm */ = {isa = PBXFileReference; fileEncoding = 4; lastKnownFileType = sourcecode.cpp.objcpp; path = iOS.mm; sourceTree = "<group>"; };
		8EB837761CE3D6AD0086D761 /* Macros.cpp */ = {isa = PBXFileReference; fileEncoding = 4; lastKnownFileType = sourcecode.cpp.cpp; path = Macros.cpp; sourceTree = "<group>"; };
		8EB837771CE3D6AD0086D761 /* Macros.h */ = {isa = PBXFileReference; fileEncoding = 4; lastKnownFileType = sourcecode.c.h; path = Macros.h; sourceTree = "<group>"; };
		8EB837781CE3D6AD0086D761 /* MultiplexOut.cpp */ = {isa = PBXFileReference; fileEncoding = 4; lastKnownFileType = sourcecode.cpp.cpp; path = MultiplexOut.cpp; sourceTree = "<group>"; };
		8EB837791CE3D6AD0086D761 /* MultiplexOut.h */ = {isa = PBXFileReference; fileEncoding = 4; lastKnownFileType = sourcecode.c.h; path = MultiplexOut.h; sourceTree = "<group>"; };
		8EB8377A1CE3D6AD0086D761 /* Singleton.h */ = {isa = PBXFileReference; fileEncoding = 4; lastKnownFileType = sourcecode.c.h; path = Singleton.h; sourceTree = "<group>"; };
		8EB8377B1CE3D6AD0086D761 /* StdDefines.h */ = {isa = PBXFileReference; fileEncoding = 4; lastKnownFileType = sourcecode.c.h; path = StdDefines.h; sourceTree = "<group>"; };
		8EB8377C1CE3D6AD0086D761 /* SysTools.cpp */ = {isa = PBXFileReference; fileEncoding = 4; lastKnownFileType = sourcecode.cpp.cpp; path = SysTools.cpp; sourceTree = "<group>"; };
		8EB8377D1CE3D6AD0086D761 /* SysTools.h */ = {isa = PBXFileReference; fileEncoding = 4; lastKnownFileType = sourcecode.c.h; path = SysTools.h; sourceTree = "<group>"; };
		8EB8377E1CE3D6AD0086D761 /* Threads.cpp */ = {isa = PBXFileReference; fileEncoding = 4; lastKnownFileType = sourcecode.cpp.cpp; path = Threads.cpp; sourceTree = "<group>"; };
		8EB8377F1CE3D6AD0086D761 /* Threads.h */ = {isa = PBXFileReference; fileEncoding = 4; lastKnownFileType = sourcecode.c.h; path = Threads.h; sourceTree = "<group>"; };
		8EB837801CE3D6AD0086D761 /* Vectors.h */ = {isa = PBXFileReference; fileEncoding = 4; lastKnownFileType = sourcecode.c.h; path = Vectors.h; sourceTree = "<group>"; };
		8EB837811CE3D6AD0086D761 /* XQueryComponents.h */ = {isa = PBXFileReference; fileEncoding = 4; lastKnownFileType = sourcecode.c.h; path = XQueryComponents.h; sourceTree = "<group>"; };
		8EB837821CE3D6AD0086D761 /* XQueryComponents.mm */ = {isa = PBXFileReference; fileEncoding = 4; lastKnownFileType = sourcecode.cpp.objcpp; path = XQueryComponents.mm; sourceTree = "<group>"; };
		8EB837841CE3D6AD0086D761 /* GeometryRendererImpl.cpp */ = {isa = PBXFileReference; fileEncoding = 4; lastKnownFileType = sourcecode.cpp.cpp; path = GeometryRendererImpl.cpp; sourceTree = "<group>"; };
		8EB837851CE3D6AD0086D761 /* GeometryRendererImpl.h */ = {isa = PBXFileReference; fileEncoding = 4; lastKnownFileType = sourcecode.c.h; path = GeometryRendererImpl.h; sourceTree = "<group>"; };
		8EB837861CE3D6AD0086D761 /* GLFrameBufferObject.cpp */ = {isa = PBXFileReference; fileEncoding = 4; lastKnownFileType = sourcecode.cpp.cpp; path = GLFrameBufferObject.cpp; sourceTree = "<group>"; };
		8EB837871CE3D6AD0086D761 /* GLFrameBufferObject.h */ = {isa = PBXFileReference; fileEncoding = 4; lastKnownFileType = sourcecode.c.h; path = GLFrameBufferObject.h; sourceTree = "<group>"; };
		8EB837881CE3D6AD0086D761 /* GLInclude.h */ = {isa = PBXFileReference; fileEncoding = 4; lastKnownFileType = sourcecode.c.h; path = GLInclude.h; sourceTree = "<group>"; };
		8EB837891CE3D6AD0086D761 /* GLObject.h */ = {isa = PBXFileReference; fileEncoding = 4; lastKnownFileType = sourcecode.c.h; path = GLObject.h; sourceTree = "<group>"; };
		8EB8378A1CE3D6AD0086D761 /* GLShader.cpp */ = {isa = PBXFileReference; fileEncoding = 4; lastKnownFileType = sourcecode.cpp.cpp; path = GLShader.cpp; sourceTree = "<group>"; };
		8EB8378B1CE3D6AD0086D761 /* GLShader.h */ = {isa = PBXFileReference; fileEncoding = 4; lastKnownFileType = sourcecode.c.h; path = GLShader.h; sourceTree = "<group>"; };
		8EB8378C1CE3D6AD0086D761 /* GPUObject.h */ = {isa = PBXFileReference; fileEncoding = 4; lastKnownFileType = sourcecode.c.h; path = GPUObject.h; sourceTree = "<group>"; };
		8EB837CD1CE3F7270086D761 /* AbstractRendererImpl.cpp */ = {isa = PBXFileReference; fileEncoding = 4; lastKnownFileType = sourcecode.cpp.cpp; path = AbstractRendererImpl.cpp; sourceTree = "<group>"; };
		8EB837CE1CE3F7270086D761 /* AbstractRendererImpl.h */ = {isa = PBXFileReference; fileEncoding = 4; lastKnownFileType = sourcecode.c.h; path = AbstractRendererImpl.h; sourceTree = "<group>"; };
		8EC1922B1CE12C31003EBC45 /* Render3DViewController.h */ = {isa = PBXFileReference; lastKnownFileType = sourcecode.c.h; path = Render3DViewController.h; sourceTree = "<group>"; };
		8EC1922C1CE12C42003EBC45 /* Render3DViewController.mm */ = {isa = PBXFileReference; fileEncoding = 4; lastKnownFileType = sourcecode.cpp.objcpp; path = Render3DViewController.mm; sourceTree = "<group>"; };
		8EC1922E1CE12FB6003EBC45 /* GLKit.framework */ = {isa = PBXFileReference; lastKnownFileType = wrapper.framework; name = GLKit.framework; path = System/Library/Frameworks/GLKit.framework; sourceTree = SDKROOT; };
		8EC5A3951CE143650042E2C8 /* OpenGLES.framework */ = {isa = PBXFileReference; lastKnownFileType = wrapper.framework; name = OpenGLES.framework; path = System/Library/Frameworks/OpenGLES.framework; sourceTree = SDKROOT; };
		8ECB12E61CE50E29009297D6 /* DynamicUIBuilder.h */ = {isa = PBXFileReference; lastKnownFileType = sourcecode.c.h; path = DynamicUIBuilder.h; sourceTree = "<group>"; };
		8ECB12E71CE50EAD009297D6 /* DynamicUIBuilder.mm */ = {isa = PBXFileReference; fileEncoding = 4; lastKnownFileType = sourcecode.cpp.objcpp; path = DynamicUIBuilder.mm; sourceTree = "<group>"; };
		8EE1D6F81CEA8522009AF00B /* ArcBall.cpp */ = {isa = PBXFileReference; fileEncoding = 4; lastKnownFileType = sourcecode.cpp.cpp; path = ArcBall.cpp; sourceTree = "<group>"; };
		8EE1D6F91CEA8522009AF00B /* ArcBall.h */ = {isa = PBXFileReference; fileEncoding = 4; lastKnownFileType = sourcecode.c.h; path = ArcBall.h; sourceTree = "<group>"; };
/* End PBXFileReference section */

/* Begin PBXFrameworksBuildPhase section */
		8E2AF9CB1CDA762900AC6CEC /* Frameworks */ = {
			isa = PBXFrameworksBuildPhase;
			buildActionMask = 2147483647;
			files = (
				8EC5A3961CE143650042E2C8 /* OpenGLES.framework in Frameworks */,
				8EC1922F1CE12FB6003EBC45 /* GLKit.framework in Frameworks */,
				8E2AFA581CDAC18C00AC6CEC /* UIKit.framework in Frameworks */,
				8E2AFA561CDAC18400AC6CEC /* Foundation.framework in Frameworks */,
			);
			runOnlyForDeploymentPostprocessing = 0;
		};
/* End PBXFrameworksBuildPhase section */

/* Begin PBXGroup section */
		8E2AF9C51CDA762900AC6CEC = {
			isa = PBXGroup;
			children = (
				8E2BF7621CDBF10A0040DC47 /* IV3Dm2-lib */,
				8E2AF9D01CDA762900AC6CEC /* IV3Dm2-iOS */,
				8E9587801CE1561400D8CAB9 /* Resources */,
				8E2AF9CF1CDA762900AC6CEC /* Products */,
				8E6DCECF1CDBBA320091D5AB /* Frameworks */,
			);
			sourceTree = "<group>";
		};
		8E2AF9CF1CDA762900AC6CEC /* Products */ = {
			isa = PBXGroup;
			children = (
				8E2AF9CE1CDA762900AC6CEC /* IV3Dm2-iOS.app */,
			);
			name = Products;
			sourceTree = "<group>";
		};
		8E2AF9D01CDA762900AC6CEC /* IV3Dm2-iOS */ = {
			isa = PBXGroup;
			children = (
				8E2AF9D41CDA762900AC6CEC /* AppDelegate.h */,
				8E2AF9D51CDA762900AC6CEC /* AppDelegate.mm */,
				8ECB12E61CE50E29009297D6 /* DynamicUIBuilder.h */,
				8ECB12E71CE50EAD009297D6 /* DynamicUIBuilder.mm */,
				8EC1922B1CE12C31003EBC45 /* Render3DViewController.h */,
				8EC1922C1CE12C42003EBC45 /* Render3DViewController.mm */,
				8E2AF9D71CDA762900AC6CEC /* SelectSceneViewController.h */,
				8E2AF9D81CDA762900AC6CEC /* SelectSceneViewController.mm */,
				8E6DCEC71CDB97080091D5AB /* SettingsViewController.h */,
				8E6DCEC81CDB971B0091D5AB /* SettingsViewController.mm */,
				8E2AF9EB1CDAA68100AC6CEC /* TabBarViewController.h */,
				8E2AF9EC1CDAA7B500AC6CEC /* TabBarViewController.mm */,
				8E2AF9E21CDA762900AC6CEC /* LaunchScreen.storyboard */,
				8E2AF9D11CDA762900AC6CEC /* Supporting Files */,
			);
			path = "IV3Dm2-iOS";
			sourceTree = "<group>";
		};
		8E2AF9D11CDA762900AC6CEC /* Supporting Files */ = {
			isa = PBXGroup;
			children = (
				8E2AF9E51CDA762900AC6CEC /* Info.plist */,
				8E2AF9D21CDA762900AC6CEC /* main.mm */,
			);
			name = "Supporting Files";
			sourceTree = "<group>";
		};
		8E2BF7621CDBF10A0040DC47 /* IV3Dm2-lib */ = {
			isa = PBXGroup;
			children = (
				8EB837691CE3D6AD0086D761 /* Common */,
				8EB8376B1CE3D6AD0086D761 /* IVDA */,
				8EB837831CE3D6AD0086D761 /* RendererImpl */,
				8EAE3C281CED2ECE00A9B7F2 /* Scene */,
				8E2BFAB61CDBF1690040DC47 /* mocca */,
			);
			name = "IV3Dm2-lib";
			path = "../IV3Dm2-lib";
			sourceTree = "<group>";
		};
		8E2BFAB61CDBF1690040DC47 /* mocca */ = {
			isa = PBXGroup;
			children = (
				8E2BFAB81CDBF1690040DC47 /* include */,
				8E2BFB051CDBF1690040DC47 /* src */,
			);
			name = mocca;
			path = mocca/mocca;
			sourceTree = "<group>";
		};
		8E2BFAB81CDBF1690040DC47 /* include */ = {
			isa = PBXGroup;
			children = (
				8E2BFAB91CDBF1690040DC47 /* mocca */,
			);
			path = include;
			sourceTree = "<group>";
		};
		8E2BFAB91CDBF1690040DC47 /* mocca */ = {
			isa = PBXGroup;
			children = (
				8E2BFABA1CDBF1690040DC47 /* base */,
				8E2BFAC91CDBF1690040DC47 /* fs */,
				8E2BFACD1CDBF1690040DC47 /* log */,
				8E2BFAD71CDBF1690040DC47 /* net */,
				8E2BFB031CDBF1690040DC47 /* testing */,
			);
			path = mocca;
			sourceTree = "<group>";
		};
		8E2BFABA1CDBF1690040DC47 /* base */ = {
			isa = PBXGroup;
			children = (
				8E2BFABB1CDBF1690040DC47 /* BidirectionalMap.h */,
				8E2BFABC1CDBF1690040DC47 /* CommandLineParser.h */,
				8E2BFABD1CDBF1690040DC47 /* ContainerTools.h */,
				8E2BFABE1CDBF1690040DC47 /* Encryption.h */,
				8E2BFABF1CDBF1690040DC47 /* Endian.h */,
				8E2BFAC01CDBF1690040DC47 /* Error.h */,
				8E2BFAC11CDBF1690040DC47 /* Explicit.h */,
				8E2BFAC21CDBF1690040DC47 /* Memory.h */,
				8E2BFAC31CDBF1690040DC47 /* MessageQueue.h */,
				8E2BFAC41CDBF1690040DC47 /* Nullable.h */,
				8E2BFAC51CDBF1690040DC47 /* ObjectPool.h */,
				8E2BFAC61CDBF1690040DC47 /* Singleton.h */,
				8E2BFAC71CDBF1690040DC47 /* StringTools.h */,
				8E2BFAC81CDBF1690040DC47 /* Thread.h */,
			);
			path = base;
			sourceTree = "<group>";
		};
		8E2BFAC91CDBF1690040DC47 /* fs */ = {
			isa = PBXGroup;
			children = (
				8E2BFACA1CDBF1690040DC47 /* File.h */,
				8E2BFACB1CDBF1690040DC47 /* Filesystem.h */,
				8E2BFACC1CDBF1690040DC47 /* Path.h */,
			);
			path = fs;
			sourceTree = "<group>";
		};
		8E2BFACD1CDBF1690040DC47 /* log */ = {
			isa = PBXGroup;
			children = (
				8E2BFACE1CDBF1690040DC47 /* CallbackLog.h */,
				8E2BFACF1CDBF1690040DC47 /* ConsoleLog.h */,
				8E2BFAD01CDBF1690040DC47 /* HTMLLog.h */,
				8E2BFAD11CDBF1690040DC47 /* Log */,
				8E2BFAD21CDBF1690040DC47 /* Log.h */,
				8E2BFAD31CDBF1690040DC47 /* LogManager.h */,
				8E2BFAD41CDBF1690040DC47 /* LogManager.inl */,
				8E2BFAD51CDBF1690040DC47 /* StreamLog.h */,
				8E2BFAD61CDBF1690040DC47 /* TextLog.h */,
			);
			path = log;
			sourceTree = "<group>";
		};
		8E2BFAD71CDBF1690040DC47 /* net */ = {
			isa = PBXGroup;
			children = (
				8E2BFAD81CDBF1690040DC47 /* ConnectionAggregator.h */,
				8E2BFAD91CDBF1690040DC47 /* ConnectionFactorySelector.h */,
				8E2BFADA1CDBF1690040DC47 /* ConnectionID.h */,
				8E2BFADB1CDBF1690040DC47 /* Endpoint.h */,
				8E2BFADC1CDBF1690040DC47 /* framing */,
				8E2BFAE11CDBF1690040DC47 /* IMessageConnection.h */,
				8E2BFAE21CDBF1690040DC47 /* IMessageConnectionAcceptor.h */,
				8E2BFAE31CDBF1690040DC47 /* IMessageConnectionFactory.h */,
				8E2BFAE41CDBF1690040DC47 /* IStreamConnection.h */,
				8E2BFAE51CDBF1690040DC47 /* IStreamConnectionAcceptor.h */,
				8E2BFAE61CDBF1690040DC47 /* IStreamConnectionFactory.h */,
				8E2BFAE71CDBF1690040DC47 /* message */,
				8E2BFAEF1CDBF1690040DC47 /* Message.h */,
				8E2BFAF01CDBF1690040DC47 /* NetworkError.h */,
				8E2BFAF11CDBF1690040DC47 /* rpc */,
				8E2BFAF81CDBF1690040DC47 /* stream */,
			);
			path = net;
			sourceTree = "<group>";
		};
		8E2BFADC1CDBF1690040DC47 /* framing */ = {
			isa = PBXGroup;
			children = (
				8E2BFADD1CDBF1690040DC47 /* FramingStrategy.h */,
				8E2BFADE1CDBF1690040DC47 /* FramingUtils.h */,
				8E2BFADF1CDBF1690040DC47 /* SizePrefixedProtocol.h */,
				8E2BFAE01CDBF1690040DC47 /* WebSocketProtocol.h */,
			);
			path = framing;
			sourceTree = "<group>";
		};
		8E2BFAE71CDBF1690040DC47 /* message */ = {
			isa = PBXGroup;
			children = (
				8E2BFAE81CDBF1690040DC47 /* FramingConnection.h */,
				8E2BFAE91CDBF1690040DC47 /* FramingConnectionAcceptor.h */,
				8E2BFAEA1CDBF1690040DC47 /* FramingConnectionFactory.h */,
				8E2BFAEB1CDBF1690040DC47 /* LoopbackConnection.h */,
				8E2BFAEC1CDBF1690040DC47 /* LoopbackConnectionAcceptor.h */,
				8E2BFAED1CDBF1690040DC47 /* LoopbackConnectionFactory.h */,
				8E2BFAEE1CDBF1690040DC47 /* LoopbackConnectionSpawner.h */,
			);
			path = message;
			sourceTree = "<group>";
		};
		8E2BFAF11CDBF1690040DC47 /* rpc */ = {
			isa = PBXGroup;
			children = (
				8E2BFAF21CDBF1690040DC47 /* Dispatcher.h */,
				8E2BFAF31CDBF1690040DC47 /* JsonKeys.h */,
				8E2BFAF41CDBF1690040DC47 /* Method.h */,
				8E2BFAF51CDBF1690040DC47 /* MethodDescription.h */,
				8E2BFAF61CDBF1690040DC47 /* RpcClient.h */,
				8E2BFAF71CDBF1690040DC47 /* ValueType.h */,
			);
			path = rpc;
			sourceTree = "<group>";
		};
		8E2BFAF81CDBF1690040DC47 /* stream */ = {
			isa = PBXGroup;
			children = (
				8E2BFAF91CDBF1690040DC47 /* QueueConnection.h */,
				8E2BFAFA1CDBF1690040DC47 /* QueueConnectionAcceptor.h */,
				8E2BFAFB1CDBF1690040DC47 /* QueueConnectionFactory.h */,
				8E2BFAFC1CDBF1690040DC47 /* QueueConnectionSpawner.h */,
				8E2BFAFD1CDBF1690040DC47 /* Sockets.h */,
				8E2BFAFE1CDBF1690040DC47 /* stddefines.h */,
				8E2BFAFF1CDBF1690040DC47 /* TCPConnection.h */,
				8E2BFB001CDBF1690040DC47 /* TCPConnectionAcceptor.h */,
				8E2BFB011CDBF1690040DC47 /* TCPConnectionFactory.h */,
				8E2BFB021CDBF1690040DC47 /* TCPNetworkAddress.h */,
			);
			path = stream;
			sourceTree = "<group>";
		};
		8E2BFB031CDBF1690040DC47 /* testing */ = {
			isa = PBXGroup;
			children = (
				8E2BFB041CDBF1690040DC47 /* NetworkTesting.h */,
			);
			path = testing;
			sourceTree = "<group>";
		};
		8E2BFB051CDBF1690040DC47 /* src */ = {
			isa = PBXGroup;
			children = (
				8E2BFB061CDBF1690040DC47 /* base */,
				8E2BFB0B1CDBF1690040DC47 /* fs */,
				8E2BFB0F1CDBF1690040DC47 /* log */,
				8E2BFB171CDBF1690040DC47 /* net */,
				8E2BFB391CDBF1690040DC47 /* testing */,
				8E2BFB3B1CDBF1690040DC47 /* thirdparty */,
			);
			path = src;
			sourceTree = "<group>";
		};
		8E2BFB061CDBF1690040DC47 /* base */ = {
			isa = PBXGroup;
			children = (
				8E2BFB071CDBF1690040DC47 /* CommandLineParser.cpp */,
				8E2BFB081CDBF1690040DC47 /* Encryption.cpp */,
				8E2BFB091CDBF1690040DC47 /* StringTools.cpp */,
				8E2BFB0A1CDBF1690040DC47 /* Thread.cpp */,
			);
			path = base;
			sourceTree = "<group>";
		};
		8E2BFB0B1CDBF1690040DC47 /* fs */ = {
			isa = PBXGroup;
			children = (
				8E2BFB0C1CDBF1690040DC47 /* File.cpp */,
				8E2BFB0D1CDBF1690040DC47 /* Filesystem.cpp */,
				8E2BFB0E1CDBF1690040DC47 /* Path.cpp */,
			);
			path = fs;
			sourceTree = "<group>";
		};
		8E2BFB0F1CDBF1690040DC47 /* log */ = {
			isa = PBXGroup;
			children = (
				8E2BFB101CDBF1690040DC47 /* CallbackLog.cpp */,
				8E2BFB111CDBF1690040DC47 /* ConsoleLog.cpp */,
				8E2BFB121CDBF1690040DC47 /* HTMLLog.cpp */,
				8E2BFB131CDBF1690040DC47 /* Log.cpp */,
				8E2BFB141CDBF1690040DC47 /* LogManager.cpp */,
				8E2BFB151CDBF1690040DC47 /* StreamLog.cpp */,
				8E2BFB161CDBF1690040DC47 /* TextLog.cpp */,
			);
			path = log;
			sourceTree = "<group>";
		};
		8E2BFB171CDBF1690040DC47 /* net */ = {
			isa = PBXGroup;
			children = (
				8E2BFB181CDBF1690040DC47 /* ConnectionAggregator.cpp */,
				8E2BFB191CDBF1690040DC47 /* ConnectionFactorySelector.cpp */,
				8E2BFB1A1CDBF1690040DC47 /* Endpoint.cpp */,
				8E2BFB1B1CDBF1690040DC47 /* framing */,
				8E2BFB1F1CDBF1690040DC47 /* message */,
				8E2BFB271CDBF1690040DC47 /* Message.cpp */,
				8E2BFB281CDBF1690040DC47 /* rpc */,
				8E2BFB2F1CDBF1690040DC47 /* stream */,
			);
			path = net;
			sourceTree = "<group>";
		};
		8E2BFB1B1CDBF1690040DC47 /* framing */ = {
			isa = PBXGroup;
			children = (
				8E2BFB1C1CDBF1690040DC47 /* FramingUtils.cpp */,
				8E2BFB1D1CDBF1690040DC47 /* SizePrefixedProtocol.cpp */,
				8E2BFB1E1CDBF1690040DC47 /* WebSocketProtocol.cpp */,
			);
			path = framing;
			sourceTree = "<group>";
		};
		8E2BFB1F1CDBF1690040DC47 /* message */ = {
			isa = PBXGroup;
			children = (
				8E2BFB201CDBF1690040DC47 /* FramingConnection.cpp */,
				8E2BFB211CDBF1690040DC47 /* FramingConnectionAcceptor.cpp */,
				8E2BFB221CDBF1690040DC47 /* FramingConnectionFactory.cpp */,
				8E2BFB231CDBF1690040DC47 /* LoopbackConnection.cpp */,
				8E2BFB241CDBF1690040DC47 /* LoopbackConnectionAcceptor.cpp */,
				8E2BFB251CDBF1690040DC47 /* LoopbackConnectionFactory.cpp */,
				8E2BFB261CDBF1690040DC47 /* LoopbackConnectionSpawner.cpp */,
			);
			path = message;
			sourceTree = "<group>";
		};
		8E2BFB281CDBF1690040DC47 /* rpc */ = {
			isa = PBXGroup;
			children = (
				8E2BFB291CDBF1690040DC47 /* Dispatcher.cpp */,
				8E2BFB2A1CDBF1690040DC47 /* JsonKeys.cpp */,
				8E2BFB2B1CDBF1690040DC47 /* Method.cpp */,
				8E2BFB2C1CDBF1690040DC47 /* MethodDescription.cpp */,
				8E2BFB2D1CDBF1690040DC47 /* RpcClient.cpp */,
				8E2BFB2E1CDBF1690040DC47 /* ValueType.cpp */,
			);
			path = rpc;
			sourceTree = "<group>";
		};
		8E2BFB2F1CDBF1690040DC47 /* stream */ = {
			isa = PBXGroup;
			children = (
				8E2BFB301CDBF1690040DC47 /* QueueConnection.cpp */,
				8E2BFB311CDBF1690040DC47 /* QueueConnectionAcceptor.cpp */,
				8E2BFB321CDBF1690040DC47 /* QueueConnectionFactory.cpp */,
				8E2BFB331CDBF1690040DC47 /* QueueConnectionSpawner.cpp */,
				8E2BFB341CDBF1690040DC47 /* Sockets.cpp */,
				8E2BFB351CDBF1690040DC47 /* TCPConnection.cpp */,
				8E2BFB361CDBF1690040DC47 /* TCPConnectionAcceptor.cpp */,
				8E2BFB371CDBF1690040DC47 /* TCPConnectionFactory.cpp */,
				8E2BFB381CDBF1690040DC47 /* TCPNetworkAddress.cpp */,
			);
			path = stream;
			sourceTree = "<group>";
		};
		8E2BFB391CDBF1690040DC47 /* testing */ = {
			isa = PBXGroup;
			children = (
				8E2BFB3A1CDBF1690040DC47 /* NetworkTesting.cpp */,
			);
			path = testing;
			sourceTree = "<group>";
		};
		8E2BFB3B1CDBF1690040DC47 /* thirdparty */ = {
			isa = PBXGroup;
			children = (
				8E2BFB3C1CDBF1690040DC47 /* AES */,
				8E2BFB3F1CDBF1690040DC47 /* base64 */,
				8E2BFB421CDBF1690040DC47 /* jsoncpp */,
				8E2BFB461CDBF1690040DC47 /* sha1 */,
			);
			path = thirdparty;
			sourceTree = "<group>";
		};
		8E2BFB3C1CDBF1690040DC47 /* AES */ = {
			isa = PBXGroup;
			children = (
				8E2BFB3D1CDBF1690040DC47 /* AES.cpp */,
				8E2BFB3E1CDBF1690040DC47 /* AES.h */,
			);
			path = AES;
			sourceTree = "<group>";
		};
		8E2BFB3F1CDBF1690040DC47 /* base64 */ = {
			isa = PBXGroup;
			children = (
				8E2BFB401CDBF1690040DC47 /* base64.cpp */,
				8E2BFB411CDBF1690040DC47 /* base64.h */,
			);
			path = base64;
			sourceTree = "<group>";
		};
		8E2BFB421CDBF1690040DC47 /* jsoncpp */ = {
			isa = PBXGroup;
			children = (
				8E2BFB431CDBF1690040DC47 /* json-forwards.h */,
				8E2BFB441CDBF1690040DC47 /* json.h */,
				8E2BFB451CDBF1690040DC47 /* jsoncpp.cpp */,
			);
			path = jsoncpp;
			sourceTree = "<group>";
		};
		8E2BFB461CDBF1690040DC47 /* sha1 */ = {
			isa = PBXGroup;
			children = (
				8E2BFB471CDBF1690040DC47 /* license.txt */,
				8E2BFB481CDBF1690040DC47 /* sha1.cpp */,
				8E2BFB491CDBF1690040DC47 /* sha1.h */,
			);
			path = sha1;
			sourceTree = "<group>";
		};
		8E6DCECF1CDBBA320091D5AB /* Frameworks */ = {
			isa = PBXGroup;
			children = (
				8EC5A3951CE143650042E2C8 /* OpenGLES.framework */,
				8EC1922E1CE12FB6003EBC45 /* GLKit.framework */,
				8E2AFA571CDAC18C00AC6CEC /* UIKit.framework */,
				8E2AFA551CDAC18400AC6CEC /* Foundation.framework */,
			);
			name = Frameworks;
			sourceTree = "<group>";
		};
		8E9587801CE1561400D8CAB9 /* Resources */ = {
			isa = PBXGroup;
			children = (
				8E9587811CE1561400D8CAB9 /* Shaders */,
			);
			name = Resources;
			path = "../IV3Dm2-lib/Resources";
			sourceTree = "<group>";
		};
		8E9587811CE1561400D8CAB9 /* Shaders */ = {
			isa = PBXGroup;
			children = (
				8E9587821CE1561400D8CAB9 /* bb.fsh */,
				8E9587831CE1561400D8CAB9 /* bb.vsh */,
				8E9587841CE1561400D8CAB9 /* geo_pc.fsh */,
				8E9587851CE1561400D8CAB9 /* geo_pc.vsh */,
				8E9587861CE1561400D8CAB9 /* geo_pn.fsh */,
				8E9587871CE1561400D8CAB9 /* geo_pn.vsh */,
				8E9587881CE1561400D8CAB9 /* geo_pna.fsh */,
				8E9587891CE1561400D8CAB9 /* geo_pna.vsh */,
				8E95878A1CE1561400D8CAB9 /* geo_pnc.fsh */,
				8E95878B1CE1561400D8CAB9 /* geo_pnc.vsh */,
				8E95878C1CE1561400D8CAB9 /* geo_pnt.fsh */,
				8E95878D1CE1561400D8CAB9 /* geo_pnt.vsh */,
				8E95878E1CE1561400D8CAB9 /* geo_pnta.fsh */,
				8E95878F1CE1561400D8CAB9 /* geo_pnta.vsh */,
				8E9587901CE1561400D8CAB9 /* geo_pt.fsh */,
				8E9587911CE1561400D8CAB9 /* geo_pt.vsh */,
				8E9587921CE1561400D8CAB9 /* quad.fsh */,
				8E9587931CE1561400D8CAB9 /* quad.vsh */,
				8E9587941CE1561400D8CAB9 /* sliceQuad.fsh */,
				8E9587951CE1561400D8CAB9 /* sliceQuad.vsh */,
				8E9587961CE1561400D8CAB9 /* vol.vsh */,
				8E9587971CE1561400D8CAB9 /* vol_l.fsh */,
				8E9587981CE1561400D8CAB9 /* vol_l_2.fsh */,
				8E9587991CE1561400D8CAB9 /* vol_lti.fsh */,
				8E95879A1CE1561400D8CAB9 /* vol_lti_2.fsh */,
				8E95879B1CE1561400D8CAB9 /* vol_nl.fsh */,
				8E95879C1CE1561400D8CAB9 /* vol_nl_2.fsh */,
				8E95879D1CE1561400D8CAB9 /* vol_nlti.fsh */,
				8E95879E1CE1561400D8CAB9 /* vol_nlti_2.fsh */,
			);
			path = Shaders;
			sourceTree = "<group>";
		};
		8EAE3C281CED2ECE00A9B7F2 /* Scene */ = {
			isa = PBXGroup;
			children = (
				8EAE3C291CED2ECE00A9B7F2 /* AbstractIO.cpp */,
				8EAE3C2A1CED2ECE00A9B7F2 /* AbstractIO.h */,
				8EAE3C2B1CED2ECE00A9B7F2 /* AbstractRenderer.cpp */,
				8EAE3C2C1CED2ECE00A9B7F2 /* AbstractRenderer.h */,
				8EAE3C2D1CED2ECE00A9B7F2 /* BoundingBoxCalculator.cpp */,
				8EAE3C2E1CED2ECE00A9B7F2 /* BoundingBoxCalculator.h */,
				8EAE3C2F1CED2ECE00A9B7F2 /* CMakeLists.txt */,
				8EAE3C301CED2ECE00A9B7F2 /* Communication.cpp */,
				8EAE3C311CED2ECE00A9B7F2 /* Communication.h */,
				8EAE3C321CED2ECE00A9B7F2 /* DataProvider.h */,
				8EAE3C331CED2ECE00A9B7F2 /* Dataset.cpp */,
				8EAE3C341CED2ECE00A9B7F2 /* Dataset.h */,
				8EAE3C351CED2ECE00A9B7F2 /* DatasetDispatcher.h */,
				8EAE3C361CED2ECE00A9B7F2 /* DownloadProvider.cpp */,
				8EAE3C371CED2ECE00A9B7F2 /* DownloadProvider.h */,
				8EAE3C381CED2ECE00A9B7F2 /* G3D.cpp */,
				8EAE3C391CED2ECE00A9B7F2 /* G3D.h */,
				8EAE3C3A1CED2ECE00A9B7F2 /* GeometryDataset.cpp */,
				8EAE3C3B1CED2ECE00A9B7F2 /* GeometryDataset.h */,
				8EAE3C3C1CED2ECE00A9B7F2 /* GeometryRenderer.cpp */,
				8EAE3C3D1CED2ECE00A9B7F2 /* GeometryRenderer.h */,
				8EAE3C3E1CED2ECE00A9B7F2 /* GLMatrix.cpp */,
				8EAE3C3F1CED2ECE00A9B7F2 /* GLMatrix.h */,
				8EAE3C401CED2ECE00A9B7F2 /* InputVariable.cpp */,
				8EAE3C411CED2ECE00A9B7F2 /* InputVariable.h */,
				8E886FFC1CEF7D94003CAED6 /* PythonProvider.cpp */,
				8E886FFD1CEF7D94003CAED6 /* PythonProvider.h */,
				8EAE3C421CED2ECE00A9B7F2 /* RenderDispatcher.cpp */,
				8EAE3C431CED2ECE00A9B7F2 /* RenderDispatcher.h */,
				8EAE3C441CED2ECE00A9B7F2 /* Scene.cpp */,
				8EAE3C451CED2ECE00A9B7F2 /* Scene.h */,
				8EAE3C461CED2ECE00A9B7F2 /* SceneLoader.cpp */,
				8EAE3C471CED2ECE00A9B7F2 /* SceneLoader.h */,
				8EAE3C481CED2ECE00A9B7F2 /* SceneMetadata.cpp */,
				8EAE3C491CED2ECE00A9B7F2 /* SceneMetadata.h */,
				8EAE3C4A1CED2ECE00A9B7F2 /* SceneNode.cpp */,
				8EAE3C4B1CED2ECE00A9B7F2 /* SceneNode.h */,
				8EAE3C4C1CED2ECE00A9B7F2 /* SceneParser.cpp */,
				8EAE3C4D1CED2ECE00A9B7F2 /* SceneParser.h */,
				8EAE3C501CED2ECE00A9B7F2 /* ScreenInfo.h */,
			);
			path = Scene;
			sourceTree = "<group>";
		};
		8EB837691CE3D6AD0086D761 /* Common */ = {
			isa = PBXGroup;
			children = (
				8EB8376A1CE3D6AD0086D761 /* Error.h */,
			);
			path = Common;
			sourceTree = "<group>";
		};
		8EB8376B1CE3D6AD0086D761 /* IVDA */ = {
			isa = PBXGroup;
			children = (
				8EE1D6F81CEA8522009AF00B /* ArcBall.cpp */,
				8EE1D6F91CEA8522009AF00B /* ArcBall.h */,
				8EB8376C1CE3D6AD0086D761 /* AbstrDebugOut.cpp */,
				8EB8376D1CE3D6AD0086D761 /* AbstrDebugOut.h */,
				8EB8376E1CE3D6AD0086D761 /* CMakeLists.txt */,
				8EB8376F1CE3D6AD0086D761 /* Console.h */,
				8EB837701CE3D6AD0086D761 /* ConsoleOut.cpp */,
				8EB837711CE3D6AD0086D761 /* ConsoleOut.h */,
				8EB837721CE3D6AD0086D761 /* DebugOutHandler.cpp */,
				8EB837731CE3D6AD0086D761 /* DebugOutHandler.h */,
				8EB837741CE3D6AD0086D761 /* iOS.h */,
				8EB837751CE3D6AD0086D761 /* iOS.mm */,
				8EB837761CE3D6AD0086D761 /* Macros.cpp */,
				8EB837771CE3D6AD0086D761 /* Macros.h */,
				8EB837781CE3D6AD0086D761 /* MultiplexOut.cpp */,
				8EB837791CE3D6AD0086D761 /* MultiplexOut.h */,
				8EB8377A1CE3D6AD0086D761 /* Singleton.h */,
				8EB8377B1CE3D6AD0086D761 /* StdDefines.h */,
				8EB8377C1CE3D6AD0086D761 /* SysTools.cpp */,
				8EB8377D1CE3D6AD0086D761 /* SysTools.h */,
				8EB8377E1CE3D6AD0086D761 /* Threads.cpp */,
				8EB8377F1CE3D6AD0086D761 /* Threads.h */,
				8EB837801CE3D6AD0086D761 /* Vectors.h */,
				8EB837811CE3D6AD0086D761 /* XQueryComponents.h */,
				8EB837821CE3D6AD0086D761 /* XQueryComponents.mm */,
			);
			path = IVDA;
			sourceTree = "<group>";
		};
		8EB837831CE3D6AD0086D761 /* RendererImpl */ = {
			isa = PBXGroup;
			children = (
				8EB837CD1CE3F7270086D761 /* AbstractRendererImpl.cpp */,
				8EB837CE1CE3F7270086D761 /* AbstractRendererImpl.h */,
				8EB837841CE3D6AD0086D761 /* GeometryRendererImpl.cpp */,
				8EB837851CE3D6AD0086D761 /* GeometryRendererImpl.h */,
				8EB837861CE3D6AD0086D761 /* GLFrameBufferObject.cpp */,
				8EB837871CE3D6AD0086D761 /* GLFrameBufferObject.h */,
				8EB837881CE3D6AD0086D761 /* GLInclude.h */,
				8EB837891CE3D6AD0086D761 /* GLObject.h */,
				8EB8378A1CE3D6AD0086D761 /* GLShader.cpp */,
				8EB8378B1CE3D6AD0086D761 /* GLShader.h */,
				8EB8378C1CE3D6AD0086D761 /* GPUObject.h */,
			);
			path = RendererImpl;
			sourceTree = "<group>";
		};
/* End PBXGroup section */

/* Begin PBXNativeTarget section */
		8E2AF9CD1CDA762900AC6CEC /* IV3Dm2-iOS */ = {
			isa = PBXNativeTarget;
			buildConfigurationList = 8E2AF9E81CDA762900AC6CEC /* Build configuration list for PBXNativeTarget "IV3Dm2-iOS" */;
			buildPhases = (
				8E2AF9CA1CDA762900AC6CEC /* Sources */,
				8E2AF9CB1CDA762900AC6CEC /* Frameworks */,
				8E2AF9CC1CDA762900AC6CEC /* Resources */,
			);
			buildRules = (
			);
			dependencies = (
			);
			name = "IV3Dm2-iOS";
			productName = "IV3Dm2-iOS";
			productReference = 8E2AF9CE1CDA762900AC6CEC /* IV3Dm2-iOS.app */;
			productType = "com.apple.product-type.application";
		};
/* End PBXNativeTarget section */

/* Begin PBXProject section */
		8E2AF9C61CDA762900AC6CEC /* Project object */ = {
			isa = PBXProject;
			attributes = {
				LastUpgradeCheck = 0720;
				ORGANIZATIONNAME = "Scientific Computing and Imaging Institute";
				TargetAttributes = {
					8E2AF9CD1CDA762900AC6CEC = {
						CreatedOnToolsVersion = 7.2.1;
						DevelopmentTeam = 7S9JMBY35F;
					};
				};
			};
			buildConfigurationList = 8E2AF9C91CDA762900AC6CEC /* Build configuration list for PBXProject "IV3Dm2-iOS" */;
			compatibilityVersion = "Xcode 3.2";
			developmentRegion = English;
			hasScannedForEncodings = 0;
			knownRegions = (
				en,
				Base,
			);
			mainGroup = 8E2AF9C51CDA762900AC6CEC;
			productRefGroup = 8E2AF9CF1CDA762900AC6CEC /* Products */;
			projectDirPath = "";
			projectRoot = "";
			targets = (
				8E2AF9CD1CDA762900AC6CEC /* IV3Dm2-iOS */,
			);
		};
/* End PBXProject section */

/* Begin PBXResourcesBuildPhase section */
		8E2AF9CC1CDA762900AC6CEC /* Resources */ = {
			isa = PBXResourcesBuildPhase;
			buildActionMask = 2147483647;
			files = (
				8E95879F1CE1561400D8CAB9 /* bb.fsh in Resources */,
				8E9587A71CE1561400D8CAB9 /* geo_pnc.fsh in Resources */,
				8E9587BA1CE1561400D8CAB9 /* vol_nlti.fsh in Resources */,
				8E9587B01CE1561400D8CAB9 /* quad.vsh in Resources */,
				8EAE3C541CED2ECE00A9B7F2 /* CMakeLists.txt in Resources */,
				8E2BFB4C1CDBF1690040DC47 /* LogManager.inl in Resources */,
				8E9587B41CE1561400D8CAB9 /* vol_l.fsh in Resources */,
				8E2BFB7C1CDBF1690040DC47 /* license.txt in Resources */,
				8E9587A61CE1561400D8CAB9 /* geo_pna.vsh in Resources */,
				8E9587B91CE1561400D8CAB9 /* vol_nl_2.fsh in Resources */,
				8E2BFB4B1CDBF1690040DC47 /* Log in Resources */,
				8E9587AC1CE1561400D8CAB9 /* geo_pnta.vsh in Resources */,
				8E9587B81CE1561400D8CAB9 /* vol_nl.fsh in Resources */,
				8E9587AF1CE1561400D8CAB9 /* quad.fsh in Resources */,
				8E9587AE1CE1561400D8CAB9 /* geo_pt.vsh in Resources */,
				8E9587B61CE1561400D8CAB9 /* vol_lti.fsh in Resources */,
				8E9587AA1CE1561400D8CAB9 /* geo_pnt.vsh in Resources */,
				8E9587A11CE1561400D8CAB9 /* geo_pc.fsh in Resources */,
				8E9587B71CE1561400D8CAB9 /* vol_lti_2.fsh in Resources */,
				8EB837B11CE3D6AD0086D761 /* CMakeLists.txt in Resources */,
				8E9587A81CE1561400D8CAB9 /* geo_pnc.vsh in Resources */,
				8E2AF9E41CDA762900AC6CEC /* LaunchScreen.storyboard in Resources */,
				8E9587B31CE1561400D8CAB9 /* vol.vsh in Resources */,
				8E9587B11CE1561400D8CAB9 /* sliceQuad.fsh in Resources */,
				8E9587A31CE1561400D8CAB9 /* geo_pn.fsh in Resources */,
				8E9587AB1CE1561400D8CAB9 /* geo_pnta.fsh in Resources */,
				8E9587AD1CE1561400D8CAB9 /* geo_pt.fsh in Resources */,
				8E9587A41CE1561400D8CAB9 /* geo_pn.vsh in Resources */,
				8E9587BB1CE1561400D8CAB9 /* vol_nlti_2.fsh in Resources */,
				8E9587A21CE1561400D8CAB9 /* geo_pc.vsh in Resources */,
				8E9587A91CE1561400D8CAB9 /* geo_pnt.fsh in Resources */,
				8E9587A51CE1561400D8CAB9 /* geo_pna.fsh in Resources */,
				8E9587A01CE1561400D8CAB9 /* bb.vsh in Resources */,
				8E9587B21CE1561400D8CAB9 /* sliceQuad.vsh in Resources */,
				8E9587B51CE1561400D8CAB9 /* vol_l_2.fsh in Resources */,
			);
			runOnlyForDeploymentPostprocessing = 0;
		};
/* End PBXResourcesBuildPhase section */

/* Begin PBXSourcesBuildPhase section */
		8E2AF9CA1CDA762900AC6CEC /* Sources */ = {
			isa = PBXSourcesBuildPhase;
			buildActionMask = 2147483647;
			files = (
				8E2BFB7B1CDBF1690040DC47 /* jsoncpp.cpp in Sources */,
				8E2BFB721CDBF1690040DC47 /* QueueConnectionSpawner.cpp in Sources */,
				8E2BFB741CDBF1690040DC47 /* TCPConnection.cpp in Sources */,
				8E2BFB6B1CDBF1690040DC47 /* Method.cpp in Sources */,
				8E2BFB771CDBF1690040DC47 /* TCPNetworkAddress.cpp in Sources */,
				8E2BFB5F1CDBF1690040DC47 /* SizePrefixedProtocol.cpp in Sources */,
				8E2AF9ED1CDAA7B500AC6CEC /* TabBarViewController.mm in Sources */,
				8E2BFB6A1CDBF1690040DC47 /* JsonKeys.cpp in Sources */,
				8EAE3C571CED2ECE00A9B7F2 /* DownloadProvider.cpp in Sources */,
				8EAE3C621CED2ECE00A9B7F2 /* SceneParser.cpp in Sources */,
				8EB837BB1CE3D6AD0086D761 /* GLFrameBufferObject.cpp in Sources */,
				8EC1922D1CE12C42003EBC45 /* Render3DViewController.mm in Sources */,
				8E2BFB7A1CDBF1690040DC47 /* base64.cpp in Sources */,
				8E2BFB601CDBF1690040DC47 /* WebSocketProtocol.cpp in Sources */,
				8E2BFB731CDBF1690040DC47 /* Sockets.cpp in Sources */,
				8EAE3C561CED2ECE00A9B7F2 /* Dataset.cpp in Sources */,
				8E2BFB4E1CDBF1690040DC47 /* Encryption.cpp in Sources */,
				8EB837B41CE3D6AD0086D761 /* iOS.mm in Sources */,
				8EB837B91CE3D6AD0086D761 /* XQueryComponents.mm in Sources */,
				8E2BFB531CDBF1690040DC47 /* Path.cpp in Sources */,
				8E2BFB591CDBF1690040DC47 /* StreamLog.cpp in Sources */,
				8E2BFB6C1CDBF1690040DC47 /* MethodDescription.cpp in Sources */,
				8EAE3C5F1CED2ECE00A9B7F2 /* SceneLoader.cpp in Sources */,
				8E2BFB6F1CDBF1690040DC47 /* QueueConnection.cpp in Sources */,
				8ECB12E81CE50EAD009297D6 /* DynamicUIBuilder.mm in Sources */,
				8E2BFB651CDBF1690040DC47 /* LoopbackConnectionAcceptor.cpp in Sources */,
				8E2BFB781CDBF1690040DC47 /* NetworkTesting.cpp in Sources */,
				8EAE3C5A1CED2ECE00A9B7F2 /* GeometryRenderer.cpp in Sources */,
				8EAE3C551CED2ECE00A9B7F2 /* Communication.cpp in Sources */,
				8EAE3C601CED2ECE00A9B7F2 /* SceneMetadata.cpp in Sources */,
				8E2BFB641CDBF1690040DC47 /* LoopbackConnection.cpp in Sources */,
				8E2BFB611CDBF1690040DC47 /* FramingConnection.cpp in Sources */,
				8E2BFB711CDBF1690040DC47 /* QueueConnectionFactory.cpp in Sources */,
				8E2BFB6D1CDBF1690040DC47 /* RpcClient.cpp in Sources */,
				8E2BFB521CDBF1690040DC47 /* Filesystem.cpp in Sources */,
				8EB837B61CE3D6AD0086D761 /* MultiplexOut.cpp in Sources */,
				8EB837B31CE3D6AD0086D761 /* DebugOutHandler.cpp in Sources */,
				8EAE3C511CED2ECE00A9B7F2 /* AbstractIO.cpp in Sources */,
				8EAE3C521CED2ECE00A9B7F2 /* AbstractRenderer.cpp in Sources */,
				8E886FFE1CEF7D94003CAED6 /* PythonProvider.cpp in Sources */,
				8EAE3C591CED2ECE00A9B7F2 /* GeometryDataset.cpp in Sources */,
				8EB837B81CE3D6AD0086D761 /* Threads.cpp in Sources */,
				8E6DCEC91CDB971B0091D5AB /* SettingsViewController.mm in Sources */,
				8EB837CF1CE3F7270086D761 /* AbstractRendererImpl.cpp in Sources */,
				8EB837BA1CE3D6AD0086D761 /* GeometryRendererImpl.cpp in Sources */,
				8E2BFB631CDBF1690040DC47 /* FramingConnectionFactory.cpp in Sources */,
				8E2BFB7D1CDBF1690040DC47 /* sha1.cpp in Sources */,
				8EAE3C5D1CED2ECE00A9B7F2 /* RenderDispatcher.cpp in Sources */,
				8E2BFB761CDBF1690040DC47 /* TCPConnectionFactory.cpp in Sources */,
				8E2BFB4D1CDBF1690040DC47 /* CommandLineParser.cpp in Sources */,
				8E2BFB5E1CDBF1690040DC47 /* FramingUtils.cpp in Sources */,
				8EAE3C611CED2ECE00A9B7F2 /* SceneNode.cpp in Sources */,
				8E2BFB5D1CDBF1690040DC47 /* Endpoint.cpp in Sources */,
				8E2BFB4F1CDBF1690040DC47 /* StringTools.cpp in Sources */,
				8E2BFB511CDBF1690040DC47 /* File.cpp in Sources */,
				8E2BFB691CDBF1690040DC47 /* Dispatcher.cpp in Sources */,
				8E2BFB501CDBF1690040DC47 /* Thread.cpp in Sources */,
				8E2BFB621CDBF1690040DC47 /* FramingConnectionAcceptor.cpp in Sources */,
				8E2BFB541CDBF1690040DC47 /* CallbackLog.cpp in Sources */,
				8E2BFB6E1CDBF1690040DC47 /* ValueType.cpp in Sources */,
				8E2BFB561CDBF1690040DC47 /* HTMLLog.cpp in Sources */,
				8E2BFB581CDBF1690040DC47 /* LogManager.cpp in Sources */,
				8EAE3C5E1CED2ECE00A9B7F2 /* Scene.cpp in Sources */,
				8E2BFB551CDBF1690040DC47 /* ConsoleLog.cpp in Sources */,
				8E2BFB5A1CDBF1690040DC47 /* TextLog.cpp in Sources */,
				8E2BFB671CDBF1690040DC47 /* LoopbackConnectionSpawner.cpp in Sources */,
				8E2AF9D61CDA762900AC6CEC /* AppDelegate.mm in Sources */,
				8EB837B51CE3D6AD0086D761 /* Macros.cpp in Sources */,
				8EE1D6FA1CEA8522009AF00B /* ArcBall.cpp in Sources */,
				8E2BFB571CDBF1690040DC47 /* Log.cpp in Sources */,
				8E2BFB751CDBF1690040DC47 /* TCPConnectionAcceptor.cpp in Sources */,
				8E2AF9D91CDA762900AC6CEC /* SelectSceneViewController.mm in Sources */,
				8EB837BC1CE3D6AD0086D761 /* GLShader.cpp in Sources */,
				8E2BFB701CDBF1690040DC47 /* QueueConnectionAcceptor.cpp in Sources */,
				8E2BFB5C1CDBF1690040DC47 /* ConnectionFactorySelector.cpp in Sources */,
				8EAE3C5B1CED2ECE00A9B7F2 /* GLMatrix.cpp in Sources */,
				8E2BFB661CDBF1690040DC47 /* LoopbackConnectionFactory.cpp in Sources */,
				8EB837B71CE3D6AD0086D761 /* SysTools.cpp in Sources */,
				8EB837B21CE3D6AD0086D761 /* ConsoleOut.cpp in Sources */,
				8EAE3C5C1CED2ECE00A9B7F2 /* InputVariable.cpp in Sources */,
				8E2BFB5B1CDBF1690040DC47 /* ConnectionAggregator.cpp in Sources */,
				8EB837B01CE3D6AD0086D761 /* AbstrDebugOut.cpp in Sources */,
				8EAE3C581CED2ECE00A9B7F2 /* G3D.cpp in Sources */,
				8E2AF9D31CDA762900AC6CEC /* main.mm in Sources */,
				8EAE3C531CED2ECE00A9B7F2 /* BoundingBoxCalculator.cpp in Sources */,
				8E2BFB681CDBF1690040DC47 /* Message.cpp in Sources */,
				8E2BFB791CDBF1690040DC47 /* AES.cpp in Sources */,
			);
			runOnlyForDeploymentPostprocessing = 0;
		};
/* End PBXSourcesBuildPhase section */

/* Begin PBXVariantGroup section */
		8E2AF9E21CDA762900AC6CEC /* LaunchScreen.storyboard */ = {
			isa = PBXVariantGroup;
			children = (
				8E2AF9E31CDA762900AC6CEC /* Base */,
			);
			name = LaunchScreen.storyboard;
			sourceTree = "<group>";
		};
/* End PBXVariantGroup section */

/* Begin XCBuildConfiguration section */
		8E2AF9E61CDA762900AC6CEC /* Debug */ = {
			isa = XCBuildConfiguration;
			buildSettings = {
				ALWAYS_SEARCH_USER_PATHS = NO;
				CLANG_CXX_LANGUAGE_STANDARD = "gnu++0x";
				CLANG_CXX_LIBRARY = "libc++";
				CLANG_ENABLE_MODULES = YES;
				CLANG_ENABLE_OBJC_ARC = YES;
				CLANG_WARN_BOOL_CONVERSION = YES;
				CLANG_WARN_CONSTANT_CONVERSION = YES;
				CLANG_WARN_DIRECT_OBJC_ISA_USAGE = YES_ERROR;
				CLANG_WARN_EMPTY_BODY = YES;
				CLANG_WARN_ENUM_CONVERSION = YES;
				CLANG_WARN_INT_CONVERSION = YES;
				CLANG_WARN_OBJC_ROOT_CLASS = YES_ERROR;
				CLANG_WARN_UNREACHABLE_CODE = YES;
				CLANG_WARN__DUPLICATE_METHOD_MATCH = YES;
				"CODE_SIGN_IDENTITY[sdk=iphoneos*]" = "iPhone Developer";
				COPY_PHASE_STRIP = NO;
				DEBUG_INFORMATION_FORMAT = dwarf;
				ENABLE_STRICT_OBJC_MSGSEND = YES;
				ENABLE_TESTABILITY = YES;
				GCC_C_LANGUAGE_STANDARD = gnu99;
				GCC_DYNAMIC_NO_PIC = NO;
				GCC_NO_COMMON_BLOCKS = YES;
				GCC_OPTIMIZATION_LEVEL = 0;
				GCC_PREPROCESSOR_DEFINITIONS = (
					"DEBUG=1",
					"$(inherited)",
				);
				GCC_WARN_64_TO_32_BIT_CONVERSION = YES;
				GCC_WARN_ABOUT_RETURN_TYPE = YES_ERROR;
				GCC_WARN_UNDECLARED_SELECTOR = YES;
				GCC_WARN_UNINITIALIZED_AUTOS = YES_AGGRESSIVE;
				GCC_WARN_UNUSED_FUNCTION = YES;
				GCC_WARN_UNUSED_VARIABLE = YES;
				IPHONEOS_DEPLOYMENT_TARGET = 9.2;
				MTL_ENABLE_DEBUG_INFO = YES;
				ONLY_ACTIVE_ARCH = YES;
				SDKROOT = iphoneos;
				TARGETED_DEVICE_FAMILY = "1,2";
			};
			name = Debug;
		};
		8E2AF9E71CDA762900AC6CEC /* Release */ = {
			isa = XCBuildConfiguration;
			buildSettings = {
				ALWAYS_SEARCH_USER_PATHS = NO;
				CLANG_CXX_LANGUAGE_STANDARD = "gnu++0x";
				CLANG_CXX_LIBRARY = "libc++";
				CLANG_ENABLE_MODULES = YES;
				CLANG_ENABLE_OBJC_ARC = YES;
				CLANG_WARN_BOOL_CONVERSION = YES;
				CLANG_WARN_CONSTANT_CONVERSION = YES;
				CLANG_WARN_DIRECT_OBJC_ISA_USAGE = YES_ERROR;
				CLANG_WARN_EMPTY_BODY = YES;
				CLANG_WARN_ENUM_CONVERSION = YES;
				CLANG_WARN_INT_CONVERSION = YES;
				CLANG_WARN_OBJC_ROOT_CLASS = YES_ERROR;
				CLANG_WARN_UNREACHABLE_CODE = YES;
				CLANG_WARN__DUPLICATE_METHOD_MATCH = YES;
				"CODE_SIGN_IDENTITY[sdk=iphoneos*]" = "iPhone Developer";
				COPY_PHASE_STRIP = NO;
				DEBUG_INFORMATION_FORMAT = "dwarf-with-dsym";
				ENABLE_NS_ASSERTIONS = NO;
				ENABLE_STRICT_OBJC_MSGSEND = YES;
				GCC_C_LANGUAGE_STANDARD = gnu99;
				GCC_NO_COMMON_BLOCKS = YES;
				GCC_WARN_64_TO_32_BIT_CONVERSION = YES;
				GCC_WARN_ABOUT_RETURN_TYPE = YES_ERROR;
				GCC_WARN_UNDECLARED_SELECTOR = YES;
				GCC_WARN_UNINITIALIZED_AUTOS = YES_AGGRESSIVE;
				GCC_WARN_UNUSED_FUNCTION = YES;
				GCC_WARN_UNUSED_VARIABLE = YES;
				IPHONEOS_DEPLOYMENT_TARGET = 9.2;
				MTL_ENABLE_DEBUG_INFO = NO;
				SDKROOT = iphoneos;
				TARGETED_DEVICE_FAMILY = "1,2";
				VALIDATE_PRODUCT = YES;
			};
			name = Release;
		};
		8E2AF9E91CDA762900AC6CEC /* Debug */ = {
			isa = XCBuildConfiguration;
			buildSettings = {
				CLANG_CXX_LANGUAGE_STANDARD = "c++14";
				GCC_PRECOMPILE_PREFIX_HEADER = NO;
				INFOPLIST_FILE = "IV3Dm2-iOS/Info.plist";
				LD_RUNPATH_SEARCH_PATHS = "$(inherited) @executable_path/Frameworks";
				OTHER_LDFLAGS = "-lz";
				PRODUCT_BUNDLE_IDENTIFIER = "sci.utah.edu.IV3Dm2-iOS";
				PRODUCT_NAME = "$(TARGET_NAME)";
				USER_HEADER_SEARCH_PATHS = "$SRCROOT/../IV3Dm2-lib $SRCROOT/../IV3Dm2-lib/mocca/mocca/include $SRCROOT/../IV3Dm2-lib/mocca/mocca/src/thirdparty";
			};
			name = Debug;
		};
		8E2AF9EA1CDA762900AC6CEC /* Release */ = {
			isa = XCBuildConfiguration;
			buildSettings = {
				CLANG_CXX_LANGUAGE_STANDARD = "c++14";
				GCC_PRECOMPILE_PREFIX_HEADER = NO;
				INFOPLIST_FILE = "IV3Dm2-iOS/Info.plist";
				LD_RUNPATH_SEARCH_PATHS = "$(inherited) @executable_path/Frameworks";
				OTHER_LDFLAGS = "-lz";
				PRODUCT_BUNDLE_IDENTIFIER = "sci.utah.edu.IV3Dm2-iOS";
				PRODUCT_NAME = "$(TARGET_NAME)";
				USER_HEADER_SEARCH_PATHS = "$SRCROOT/../IV3Dm2-lib $SRCROOT/../IV3Dm2-lib/mocca/mocca/include $SRCROOT/../IV3Dm2-lib/mocca/mocca/src/thirdparty";
			};
			name = Release;
		};
/* End XCBuildConfiguration section */

/* Begin XCConfigurationList section */
		8E2AF9C91CDA762900AC6CEC /* Build configuration list for PBXProject "IV3Dm2-iOS" */ = {
			isa = XCConfigurationList;
			buildConfigurations = (
				8E2AF9E61CDA762900AC6CEC /* Debug */,
				8E2AF9E71CDA762900AC6CEC /* Release */,
			);
			defaultConfigurationIsVisible = 0;
			defaultConfigurationName = Release;
		};
		8E2AF9E81CDA762900AC6CEC /* Build configuration list for PBXNativeTarget "IV3Dm2-iOS" */ = {
			isa = XCConfigurationList;
			buildConfigurations = (
				8E2AF9E91CDA762900AC6CEC /* Debug */,
				8E2AF9EA1CDA762900AC6CEC /* Release */,
			);
			defaultConfigurationIsVisible = 0;
			defaultConfigurationName = Release;
		};
/* End XCConfigurationList section */
	};
	rootObject = 8E2AF9C61CDA762900AC6CEC /* Project object */;
}
